// !$*UTF8*$!
{
	archiveVersion = 1;
	classes = {
	};
	objectVersion = 48;
	objects = {

/* Begin PBXBuildFile section */
		1153EA6620441FD700A5E038 /* UIColorExtension.swift in Sources */ = {isa = PBXBuildFile; fileRef = 1153EA6520441FD700A5E038 /* UIColorExtension.swift */; };
		1153EA6820443EA100A5E038 /* CategoryItemViewController.swift in Sources */ = {isa = PBXBuildFile; fileRef = 1153EA6720443EA100A5E038 /* CategoryItemViewController.swift */; };
		1153EA6A20443EC300A5E038 /* CategoryItemViewController+TableViewController.swift in Sources */ = {isa = PBXBuildFile; fileRef = 1153EA6920443EC300A5E038 /* CategoryItemViewController+TableViewController.swift */; };
		116654A72042FBD800976B29 /* NewRuleViewController+TableViewController.swift in Sources */ = {isa = PBXBuildFile; fileRef = 116654A62042FBD800976B29 /* NewRuleViewController+TableViewController.swift */; };
		116654AB20430D8500976B29 /* NewRuleTableViewCell.swift in Sources */ = {isa = PBXBuildFile; fileRef = 116654A920430D8500976B29 /* NewRuleTableViewCell.swift */; };
		116654AC20430D8500976B29 /* NewRuleTableViewCell.xib in Resources */ = {isa = PBXBuildFile; fileRef = 116654AA20430D8500976B29 /* NewRuleTableViewCell.xib */; };
		116654AE20430F6A00976B29 /* Rule.swift in Sources */ = {isa = PBXBuildFile; fileRef = 116654AD20430F6A00976B29 /* Rule.swift */; };
		116654B02043137F00976B29 /* RulePart.swift in Sources */ = {isa = PBXBuildFile; fileRef = 116654AF2043137F00976B29 /* RulePart.swift */; };
		116654B22043162500976B29 /* LogicalOperator.swift in Sources */ = {isa = PBXBuildFile; fileRef = 116654B12043162500976B29 /* LogicalOperator.swift */; };
		117B8AC9204FD041008A6F49 /* SettingsTableViewController.swift in Sources */ = {isa = PBXBuildFile; fileRef = 117B8AC8204FD041008A6F49 /* SettingsTableViewController.swift */; };
		117B8ACD204FE4BA008A6F49 /* PreferredCategoriesTableViewController.swift in Sources */ = {isa = PBXBuildFile; fileRef = 117B8ACC204FE4BA008A6F49 /* PreferredCategoriesTableViewController.swift */; };
		117B8ACF20518CCA008A6F49 /* MembershipCalculator.swift in Sources */ = {isa = PBXBuildFile; fileRef = 117B8ACE20518CCA008A6F49 /* MembershipCalculator.swift */; };
		117B8AD120519B7D008A6F49 /* RuleEvaluationViewController.swift in Sources */ = {isa = PBXBuildFile; fileRef = 117B8AD020519B7D008A6F49 /* RuleEvaluationViewController.swift */; };
		117B8ADA20519D26008A6F49 /* FuzzyValue.swift in Sources */ = {isa = PBXBuildFile; fileRef = 117B8AD920519D26008A6F49 /* FuzzyValue.swift */; };
		117B8ADC2051B797008A6F49 /* FuzzyValue+ExampleFuzzyValues.swift in Sources */ = {isa = PBXBuildFile; fileRef = 117B8ADB2051B797008A6F49 /* FuzzyValue+ExampleFuzzyValues.swift */; };
		117B8ADF2051DF89008A6F49 /* EvaluatedRuleTableViewCell.swift in Sources */ = {isa = PBXBuildFile; fileRef = 117B8ADD2051DF89008A6F49 /* EvaluatedRuleTableViewCell.swift */; };
		117B8AE02051DF89008A6F49 /* EvaluatedRuleTableViewCell.xib in Resources */ = {isa = PBXBuildFile; fileRef = 117B8ADE2051DF89008A6F49 /* EvaluatedRuleTableViewCell.xib */; };
		117B8AE22051E31A008A6F49 /* RuleEvaluationViewController+TableView.swift in Sources */ = {isa = PBXBuildFile; fileRef = 117B8AE12051E31A008A6F49 /* RuleEvaluationViewController+TableView.swift */; };
		117B8AE42051E80A008A6F49 /* UIViewController+ReadSaveRulesCSV.swift in Sources */ = {isa = PBXBuildFile; fileRef = 117B8AE32051E80A008A6F49 /* UIViewController+ReadSaveRulesCSV.swift */; };
		117B8AE620528F7E008A6F49 /* CrispValuesForCategoriesViewController.swift in Sources */ = {isa = PBXBuildFile; fileRef = 117B8AE520528F7E008A6F49 /* CrispValuesForCategoriesViewController.swift */; };
		117B8AE82052974C008A6F49 /* CrispValueCell.swift in Sources */ = {isa = PBXBuildFile; fileRef = 117B8AE72052974C008A6F49 /* CrispValueCell.swift */; };
		117B8AEA2052A14F008A6F49 /* String+FloatValue.swift in Sources */ = {isa = PBXBuildFile; fileRef = 117B8AE92052A14F008A6F49 /* String+FloatValue.swift */; };
		117CCBEE204807260051114E /* RuleTableViewCell.swift in Sources */ = {isa = PBXBuildFile; fileRef = 117CCBEC204807260051114E /* RuleTableViewCell.swift */; };
		117CCBEF204807260051114E /* RuleTableViewCell.xib in Resources */ = {isa = PBXBuildFile; fileRef = 117CCBED204807260051114E /* RuleTableViewCell.xib */; };
		117CCBF120480D540051114E /* MyRulesViewController+TableViewController.swift in Sources */ = {isa = PBXBuildFile; fileRef = 117CCBF020480D540051114E /* MyRulesViewController+TableViewController.swift */; };
		117CCBF320484EFB0051114E /* OrientationUtility.swift in Sources */ = {isa = PBXBuildFile; fileRef = 117CCBF220484EFB0051114E /* OrientationUtility.swift */; };
		117CCBF52048676E0051114E /* ImageView+BlurEffect.swift in Sources */ = {isa = PBXBuildFile; fileRef = 117CCBF42048676E0051114E /* ImageView+BlurEffect.swift */; };
		1193B93F203EC5490026FF00 /* CategoryDetailViewController.swift in Sources */ = {isa = PBXBuildFile; fileRef = 1193B93E203EC5490026FF00 /* CategoryDetailViewController.swift */; };
		1193B941203EC5A20026FF00 /* CategoryDetailViewController+TableView.swift in Sources */ = {isa = PBXBuildFile; fileRef = 1193B940203EC5A20026FF00 /* CategoryDetailViewController+TableView.swift */; };
		1193B943203EC9630026FF00 /* UITableView+Reusable.swift in Sources */ = {isa = PBXBuildFile; fileRef = 1193B942203EC9630026FF00 /* UITableView+Reusable.swift */; };
		11A31BCF2046BF65000C515E /* Category+ExampleCategories.swift in Sources */ = {isa = PBXBuildFile; fileRef = 11A31BCE2046BF65000C515E /* Category+ExampleCategories.swift */; };
		11A31BD12046D5C6000C515E /* MyRulesViewController.swift in Sources */ = {isa = PBXBuildFile; fileRef = 11A31BD02046D5C6000C515E /* MyRulesViewController.swift */; };
		11A31BD520476181000C515E /* Interactor.swift in Sources */ = {isa = PBXBuildFile; fileRef = 11A31BD420476181000C515E /* Interactor.swift */; };
		11A31BD720476197000C515E /* DismissAnimator.swift in Sources */ = {isa = PBXBuildFile; fileRef = 11A31BD620476197000C515E /* DismissAnimator.swift */; };
		11CC9AB1203DC9BC00CE888E /* AppDelegate.swift in Sources */ = {isa = PBXBuildFile; fileRef = 11CC9AB0203DC9BC00CE888E /* AppDelegate.swift */; };
		11CC9AB3203DC9BC00CE888E /* FirstViewController.swift in Sources */ = {isa = PBXBuildFile; fileRef = 11CC9AB2203DC9BC00CE888E /* FirstViewController.swift */; };
		11CC9AB5203DC9BC00CE888E /* NewRuleViewController.swift in Sources */ = {isa = PBXBuildFile; fileRef = 11CC9AB4203DC9BC00CE888E /* NewRuleViewController.swift */; };
		11CC9AB8203DC9BC00CE888E /* Main.storyboard in Resources */ = {isa = PBXBuildFile; fileRef = 11CC9AB6203DC9BC00CE888E /* Main.storyboard */; };
		11CC9ABA203DC9BC00CE888E /* Assets.xcassets in Resources */ = {isa = PBXBuildFile; fileRef = 11CC9AB9203DC9BC00CE888E /* Assets.xcassets */; };
		11CC9ABD203DC9BC00CE888E /* LaunchScreen.storyboard in Resources */ = {isa = PBXBuildFile; fileRef = 11CC9ABB203DC9BC00CE888E /* LaunchScreen.storyboard */; };
		11CC9AC8203DC9BC00CE888E /* BA2_PenederTests.swift in Sources */ = {isa = PBXBuildFile; fileRef = 11CC9AC7203DC9BC00CE888E /* BA2_PenederTests.swift */; };
		11CC9AD3203DC9BC00CE888E /* BA2_PenederUITests.swift in Sources */ = {isa = PBXBuildFile; fileRef = 11CC9AD2203DC9BC00CE888E /* BA2_PenederUITests.swift */; };
		11CC9AE1203DD57200CE888E /* CategoryListViewController.swift in Sources */ = {isa = PBXBuildFile; fileRef = 11CC9AE0203DD57200CE888E /* CategoryListViewController.swift */; };
		11CC9AE3203DD60400CE888E /* CategoryListViewController+CollectionView.swift in Sources */ = {isa = PBXBuildFile; fileRef = 11CC9AE2203DD60400CE888E /* CategoryListViewController+CollectionView.swift */; };
		11CC9AE5203DD9BB00CE888E /* BaseCategoryCell.swift in Sources */ = {isa = PBXBuildFile; fileRef = 11CC9AE4203DD9BB00CE888E /* BaseCategoryCell.swift */; };
		11CC9AED203DDD0600CE888E /* WeatherCollectionViewCell.swift in Sources */ = {isa = PBXBuildFile; fileRef = 11CC9AEB203DDD0600CE888E /* WeatherCollectionViewCell.swift */; };
		11CC9AEE203DDD0600CE888E /* WeatherCollectionViewCell.xib in Resources */ = {isa = PBXBuildFile; fileRef = 11CC9AEC203DDD0600CE888E /* WeatherCollectionViewCell.xib */; };
		11CC9AF1203DE35400CE888E /* Reusable.swift in Sources */ = {isa = PBXBuildFile; fileRef = 11CC9AF0203DE35400CE888E /* Reusable.swift */; };
		11CC9AF3203DE37800CE888E /* UICollectionView+Reusable.swift in Sources */ = {isa = PBXBuildFile; fileRef = 11CC9AF2203DE37800CE888E /* UICollectionView+Reusable.swift */; };
		11CC9AFE203DE8EC00CE888E /* BaseView.swift in Sources */ = {isa = PBXBuildFile; fileRef = 11CC9AFD203DE8EC00CE888E /* BaseView.swift */; };
		11CC9B00203DE91A00CE888E /* UIView+Constraints.swift in Sources */ = {isa = PBXBuildFile; fileRef = 11CC9AFF203DE91A00CE888E /* UIView+Constraints.swift */; };
		11CC9B02203DFBF000CE888E /* UIImageView+RoundedCorners.swift in Sources */ = {isa = PBXBuildFile; fileRef = 11CC9B01203DFBF000CE888E /* UIImageView+RoundedCorners.swift */; };
		11E99EFC203E2A1100DCCDD1 /* CategoryOverviewTableViewCell.swift in Sources */ = {isa = PBXBuildFile; fileRef = 11E99EFA203E2A1100DCCDD1 /* CategoryOverviewTableViewCell.swift */; };
		11E99EFD203E2A1100DCCDD1 /* CategoryOverviewTableViewCell.xib in Resources */ = {isa = PBXBuildFile; fileRef = 11E99EFB203E2A1100DCCDD1 /* CategoryOverviewTableViewCell.xib */; };
		11E99F00203EB6D500DCCDD1 /* CategoryItemTableViewCell.swift in Sources */ = {isa = PBXBuildFile; fileRef = 11E99EFE203EB6D500DCCDD1 /* CategoryItemTableViewCell.swift */; };
		11E99F01203EB6D500DCCDD1 /* CategoryItemTableViewCell.xib in Resources */ = {isa = PBXBuildFile; fileRef = 11E99EFF203EB6D500DCCDD1 /* CategoryItemTableViewCell.xib */; };
		11F241992040CF6C00DBDB34 /* Category.swift in Sources */ = {isa = PBXBuildFile; fileRef = 11F241982040CF6C00DBDB34 /* Category.swift */; };
		11F2419B2040D02900DBDB34 /* CategoryItem.swift in Sources */ = {isa = PBXBuildFile; fileRef = 11F2419A2040D02900DBDB34 /* CategoryItem.swift */; };
		409E6E121880A49DFD1C764B /* Pods_BA2_Peneder.framework in Frameworks */ = {isa = PBXBuildFile; fileRef = FB731756A26C65A14798588E /* Pods_BA2_Peneder.framework */; };
		7ECF964863288424C10663AE /* Pods_BA2_PenederUITests.framework in Frameworks */ = {isa = PBXBuildFile; fileRef = 5D6849CDC3D5F1878F7FEC2B /* Pods_BA2_PenederUITests.framework */; };
		97610B39D779619F14C19A0F /* Pods_BA2_PenederTests.framework in Frameworks */ = {isa = PBXBuildFile; fileRef = 8A59B1641FE7629FBF8FDCE0 /* Pods_BA2_PenederTests.framework */; };
/* End PBXBuildFile section */

/* Begin PBXContainerItemProxy section */
		11CC9AC4203DC9BC00CE888E /* PBXContainerItemProxy */ = {
			isa = PBXContainerItemProxy;
			containerPortal = 11CC9AA5203DC9BC00CE888E /* Project object */;
			proxyType = 1;
			remoteGlobalIDString = 11CC9AAC203DC9BC00CE888E;
			remoteInfo = BA2_Peneder;
		};
		11CC9ACF203DC9BC00CE888E /* PBXContainerItemProxy */ = {
			isa = PBXContainerItemProxy;
			containerPortal = 11CC9AA5203DC9BC00CE888E /* Project object */;
			proxyType = 1;
			remoteGlobalIDString = 11CC9AAC203DC9BC00CE888E;
			remoteInfo = BA2_Peneder;
		};
/* End PBXContainerItemProxy section */

/* Begin PBXFileReference section */
		1153EA6520441FD700A5E038 /* UIColorExtension.swift */ = {isa = PBXFileReference; lastKnownFileType = sourcecode.swift; path = UIColorExtension.swift; sourceTree = "<group>"; };
		1153EA6720443EA100A5E038 /* CategoryItemViewController.swift */ = {isa = PBXFileReference; lastKnownFileType = sourcecode.swift; path = CategoryItemViewController.swift; sourceTree = "<group>"; };
		1153EA6920443EC300A5E038 /* CategoryItemViewController+TableViewController.swift */ = {isa = PBXFileReference; lastKnownFileType = sourcecode.swift; path = "CategoryItemViewController+TableViewController.swift"; sourceTree = "<group>"; };
		116654A62042FBD800976B29 /* NewRuleViewController+TableViewController.swift */ = {isa = PBXFileReference; lastKnownFileType = sourcecode.swift; path = "NewRuleViewController+TableViewController.swift"; sourceTree = "<group>"; };
		116654A920430D8500976B29 /* NewRuleTableViewCell.swift */ = {isa = PBXFileReference; lastKnownFileType = sourcecode.swift; path = NewRuleTableViewCell.swift; sourceTree = "<group>"; };
		116654AA20430D8500976B29 /* NewRuleTableViewCell.xib */ = {isa = PBXFileReference; lastKnownFileType = file.xib; path = NewRuleTableViewCell.xib; sourceTree = "<group>"; };
		116654AD20430F6A00976B29 /* Rule.swift */ = {isa = PBXFileReference; lastKnownFileType = sourcecode.swift; path = Rule.swift; sourceTree = "<group>"; };
		116654AF2043137F00976B29 /* RulePart.swift */ = {isa = PBXFileReference; lastKnownFileType = sourcecode.swift; path = RulePart.swift; sourceTree = "<group>"; };
		116654B12043162500976B29 /* LogicalOperator.swift */ = {isa = PBXFileReference; lastKnownFileType = sourcecode.swift; path = LogicalOperator.swift; sourceTree = "<group>"; };
		117B8AC8204FD041008A6F49 /* SettingsTableViewController.swift */ = {isa = PBXFileReference; lastKnownFileType = sourcecode.swift; path = SettingsTableViewController.swift; sourceTree = "<group>"; };
		117B8ACC204FE4BA008A6F49 /* PreferredCategoriesTableViewController.swift */ = {isa = PBXFileReference; lastKnownFileType = sourcecode.swift; path = PreferredCategoriesTableViewController.swift; sourceTree = "<group>"; };
		117B8ACE20518CCA008A6F49 /* MembershipCalculator.swift */ = {isa = PBXFileReference; lastKnownFileType = sourcecode.swift; path = MembershipCalculator.swift; sourceTree = "<group>"; };
		117B8AD020519B7D008A6F49 /* RuleEvaluationViewController.swift */ = {isa = PBXFileReference; lastKnownFileType = sourcecode.swift; path = RuleEvaluationViewController.swift; sourceTree = "<group>"; };
		117B8AD920519D26008A6F49 /* FuzzyValue.swift */ = {isa = PBXFileReference; lastKnownFileType = sourcecode.swift; path = FuzzyValue.swift; sourceTree = "<group>"; };
		117B8ADB2051B797008A6F49 /* FuzzyValue+ExampleFuzzyValues.swift */ = {isa = PBXFileReference; lastKnownFileType = sourcecode.swift; path = "FuzzyValue+ExampleFuzzyValues.swift"; sourceTree = "<group>"; };
		117B8ADD2051DF89008A6F49 /* EvaluatedRuleTableViewCell.swift */ = {isa = PBXFileReference; lastKnownFileType = sourcecode.swift; path = EvaluatedRuleTableViewCell.swift; sourceTree = "<group>"; };
		117B8ADE2051DF89008A6F49 /* EvaluatedRuleTableViewCell.xib */ = {isa = PBXFileReference; lastKnownFileType = file.xib; path = EvaluatedRuleTableViewCell.xib; sourceTree = "<group>"; };
		117B8AE12051E31A008A6F49 /* RuleEvaluationViewController+TableView.swift */ = {isa = PBXFileReference; lastKnownFileType = sourcecode.swift; path = "RuleEvaluationViewController+TableView.swift"; sourceTree = "<group>"; };
		117B8AE32051E80A008A6F49 /* UIViewController+ReadSaveRulesCSV.swift */ = {isa = PBXFileReference; lastKnownFileType = sourcecode.swift; path = "UIViewController+ReadSaveRulesCSV.swift"; sourceTree = "<group>"; };
		117B8AE520528F7E008A6F49 /* CrispValuesForCategoriesViewController.swift */ = {isa = PBXFileReference; lastKnownFileType = sourcecode.swift; path = CrispValuesForCategoriesViewController.swift; sourceTree = "<group>"; };
		117B8AE72052974C008A6F49 /* CrispValueCell.swift */ = {isa = PBXFileReference; lastKnownFileType = sourcecode.swift; path = CrispValueCell.swift; sourceTree = "<group>"; };
		117B8AE92052A14F008A6F49 /* String+FloatValue.swift */ = {isa = PBXFileReference; lastKnownFileType = sourcecode.swift; path = "String+FloatValue.swift"; sourceTree = "<group>"; };
		117CCBEC204807260051114E /* RuleTableViewCell.swift */ = {isa = PBXFileReference; lastKnownFileType = sourcecode.swift; path = RuleTableViewCell.swift; sourceTree = "<group>"; };
		117CCBED204807260051114E /* RuleTableViewCell.xib */ = {isa = PBXFileReference; lastKnownFileType = file.xib; path = RuleTableViewCell.xib; sourceTree = "<group>"; };
		117CCBF020480D540051114E /* MyRulesViewController+TableViewController.swift */ = {isa = PBXFileReference; lastKnownFileType = sourcecode.swift; path = "MyRulesViewController+TableViewController.swift"; sourceTree = "<group>"; };
		117CCBF220484EFB0051114E /* OrientationUtility.swift */ = {isa = PBXFileReference; lastKnownFileType = sourcecode.swift; path = OrientationUtility.swift; sourceTree = "<group>"; };
		117CCBF42048676E0051114E /* ImageView+BlurEffect.swift */ = {isa = PBXFileReference; lastKnownFileType = sourcecode.swift; path = "ImageView+BlurEffect.swift"; sourceTree = "<group>"; };
		1193B93E203EC5490026FF00 /* CategoryDetailViewController.swift */ = {isa = PBXFileReference; lastKnownFileType = sourcecode.swift; path = CategoryDetailViewController.swift; sourceTree = "<group>"; };
		1193B940203EC5A20026FF00 /* CategoryDetailViewController+TableView.swift */ = {isa = PBXFileReference; lastKnownFileType = sourcecode.swift; path = "CategoryDetailViewController+TableView.swift"; sourceTree = "<group>"; };
		1193B942203EC9630026FF00 /* UITableView+Reusable.swift */ = {isa = PBXFileReference; lastKnownFileType = sourcecode.swift; path = "UITableView+Reusable.swift"; sourceTree = "<group>"; };
		11A31BCE2046BF65000C515E /* Category+ExampleCategories.swift */ = {isa = PBXFileReference; lastKnownFileType = sourcecode.swift; path = "Category+ExampleCategories.swift"; sourceTree = "<group>"; };
		11A31BD02046D5C6000C515E /* MyRulesViewController.swift */ = {isa = PBXFileReference; lastKnownFileType = sourcecode.swift; path = MyRulesViewController.swift; sourceTree = "<group>"; };
		11A31BD420476181000C515E /* Interactor.swift */ = {isa = PBXFileReference; lastKnownFileType = sourcecode.swift; path = Interactor.swift; sourceTree = "<group>"; };
		11A31BD620476197000C515E /* DismissAnimator.swift */ = {isa = PBXFileReference; lastKnownFileType = sourcecode.swift; path = DismissAnimator.swift; sourceTree = "<group>"; };
		11CC9AAD203DC9BC00CE888E /* BA2_Peneder.app */ = {isa = PBXFileReference; explicitFileType = wrapper.application; includeInIndex = 0; path = BA2_Peneder.app; sourceTree = BUILT_PRODUCTS_DIR; };
		11CC9AB0203DC9BC00CE888E /* AppDelegate.swift */ = {isa = PBXFileReference; lastKnownFileType = sourcecode.swift; path = AppDelegate.swift; sourceTree = "<group>"; };
		11CC9AB2203DC9BC00CE888E /* FirstViewController.swift */ = {isa = PBXFileReference; lastKnownFileType = sourcecode.swift; path = FirstViewController.swift; sourceTree = "<group>"; };
		11CC9AB4203DC9BC00CE888E /* NewRuleViewController.swift */ = {isa = PBXFileReference; lastKnownFileType = sourcecode.swift; path = NewRuleViewController.swift; sourceTree = "<group>"; };
		11CC9AB7203DC9BC00CE888E /* Base */ = {isa = PBXFileReference; lastKnownFileType = file.storyboard; name = Base; path = Base.lproj/Main.storyboard; sourceTree = "<group>"; };
		11CC9AB9203DC9BC00CE888E /* Assets.xcassets */ = {isa = PBXFileReference; lastKnownFileType = folder.assetcatalog; path = Assets.xcassets; sourceTree = "<group>"; };
		11CC9ABC203DC9BC00CE888E /* Base */ = {isa = PBXFileReference; lastKnownFileType = file.storyboard; name = Base; path = Base.lproj/LaunchScreen.storyboard; sourceTree = "<group>"; };
		11CC9ABE203DC9BC00CE888E /* Info.plist */ = {isa = PBXFileReference; lastKnownFileType = text.plist.xml; path = Info.plist; sourceTree = "<group>"; };
		11CC9AC3203DC9BC00CE888E /* BA2_PenederTests.xctest */ = {isa = PBXFileReference; explicitFileType = wrapper.cfbundle; includeInIndex = 0; path = BA2_PenederTests.xctest; sourceTree = BUILT_PRODUCTS_DIR; };
		11CC9AC7203DC9BC00CE888E /* BA2_PenederTests.swift */ = {isa = PBXFileReference; lastKnownFileType = sourcecode.swift; path = BA2_PenederTests.swift; sourceTree = "<group>"; };
		11CC9AC9203DC9BC00CE888E /* Info.plist */ = {isa = PBXFileReference; lastKnownFileType = text.plist.xml; path = Info.plist; sourceTree = "<group>"; };
		11CC9ACE203DC9BC00CE888E /* BA2_PenederUITests.xctest */ = {isa = PBXFileReference; explicitFileType = wrapper.cfbundle; includeInIndex = 0; path = BA2_PenederUITests.xctest; sourceTree = BUILT_PRODUCTS_DIR; };
		11CC9AD2203DC9BC00CE888E /* BA2_PenederUITests.swift */ = {isa = PBXFileReference; lastKnownFileType = sourcecode.swift; path = BA2_PenederUITests.swift; sourceTree = "<group>"; };
		11CC9AD4203DC9BC00CE888E /* Info.plist */ = {isa = PBXFileReference; lastKnownFileType = text.plist.xml; path = Info.plist; sourceTree = "<group>"; };
		11CC9AE0203DD57200CE888E /* CategoryListViewController.swift */ = {isa = PBXFileReference; lastKnownFileType = sourcecode.swift; path = CategoryListViewController.swift; sourceTree = "<group>"; };
		11CC9AE2203DD60400CE888E /* CategoryListViewController+CollectionView.swift */ = {isa = PBXFileReference; lastKnownFileType = sourcecode.swift; path = "CategoryListViewController+CollectionView.swift"; sourceTree = "<group>"; };
		11CC9AE4203DD9BB00CE888E /* BaseCategoryCell.swift */ = {isa = PBXFileReference; lastKnownFileType = sourcecode.swift; path = BaseCategoryCell.swift; sourceTree = "<group>"; };
		11CC9AEB203DDD0600CE888E /* WeatherCollectionViewCell.swift */ = {isa = PBXFileReference; lastKnownFileType = sourcecode.swift; path = WeatherCollectionViewCell.swift; sourceTree = "<group>"; };
		11CC9AEC203DDD0600CE888E /* WeatherCollectionViewCell.xib */ = {isa = PBXFileReference; lastKnownFileType = file.xib; path = WeatherCollectionViewCell.xib; sourceTree = "<group>"; };
		11CC9AF0203DE35400CE888E /* Reusable.swift */ = {isa = PBXFileReference; lastKnownFileType = sourcecode.swift; path = Reusable.swift; sourceTree = "<group>"; };
		11CC9AF2203DE37800CE888E /* UICollectionView+Reusable.swift */ = {isa = PBXFileReference; lastKnownFileType = sourcecode.swift; path = "UICollectionView+Reusable.swift"; sourceTree = "<group>"; };
		11CC9AFD203DE8EC00CE888E /* BaseView.swift */ = {isa = PBXFileReference; lastKnownFileType = sourcecode.swift; path = BaseView.swift; sourceTree = "<group>"; };
		11CC9AFF203DE91A00CE888E /* UIView+Constraints.swift */ = {isa = PBXFileReference; lastKnownFileType = sourcecode.swift; path = "UIView+Constraints.swift"; sourceTree = "<group>"; };
		11CC9B01203DFBF000CE888E /* UIImageView+RoundedCorners.swift */ = {isa = PBXFileReference; lastKnownFileType = sourcecode.swift; path = "UIImageView+RoundedCorners.swift"; sourceTree = "<group>"; };
		11E99EFA203E2A1100DCCDD1 /* CategoryOverviewTableViewCell.swift */ = {isa = PBXFileReference; lastKnownFileType = sourcecode.swift; path = CategoryOverviewTableViewCell.swift; sourceTree = "<group>"; };
		11E99EFB203E2A1100DCCDD1 /* CategoryOverviewTableViewCell.xib */ = {isa = PBXFileReference; lastKnownFileType = file.xib; path = CategoryOverviewTableViewCell.xib; sourceTree = "<group>"; };
		11E99EFE203EB6D500DCCDD1 /* CategoryItemTableViewCell.swift */ = {isa = PBXFileReference; lastKnownFileType = sourcecode.swift; path = CategoryItemTableViewCell.swift; sourceTree = "<group>"; };
		11E99EFF203EB6D500DCCDD1 /* CategoryItemTableViewCell.xib */ = {isa = PBXFileReference; lastKnownFileType = file.xib; path = CategoryItemTableViewCell.xib; sourceTree = "<group>"; };
		11F241982040CF6C00DBDB34 /* Category.swift */ = {isa = PBXFileReference; lastKnownFileType = sourcecode.swift; path = Category.swift; sourceTree = "<group>"; };
		11F2419A2040D02900DBDB34 /* CategoryItem.swift */ = {isa = PBXFileReference; lastKnownFileType = sourcecode.swift; path = CategoryItem.swift; sourceTree = "<group>"; };
		53F392A840B9782D595AC4BE /* Pods-BA2_PenederUITests.debug.xcconfig */ = {isa = PBXFileReference; includeInIndex = 1; lastKnownFileType = text.xcconfig; name = "Pods-BA2_PenederUITests.debug.xcconfig"; path = "Pods/Target Support Files/Pods-BA2_PenederUITests/Pods-BA2_PenederUITests.debug.xcconfig"; sourceTree = "<group>"; };
		5D6849CDC3D5F1878F7FEC2B /* Pods_BA2_PenederUITests.framework */ = {isa = PBXFileReference; explicitFileType = wrapper.framework; includeInIndex = 0; path = Pods_BA2_PenederUITests.framework; sourceTree = BUILT_PRODUCTS_DIR; };
		6F4023D8FE64AAADE8CB7895 /* Pods-BA2_PenederTests.release.xcconfig */ = {isa = PBXFileReference; includeInIndex = 1; lastKnownFileType = text.xcconfig; name = "Pods-BA2_PenederTests.release.xcconfig"; path = "Pods/Target Support Files/Pods-BA2_PenederTests/Pods-BA2_PenederTests.release.xcconfig"; sourceTree = "<group>"; };
		8643DA714C2057246386F7B1 /* Pods-BA2_PenederTests.debug.xcconfig */ = {isa = PBXFileReference; includeInIndex = 1; lastKnownFileType = text.xcconfig; name = "Pods-BA2_PenederTests.debug.xcconfig"; path = "Pods/Target Support Files/Pods-BA2_PenederTests/Pods-BA2_PenederTests.debug.xcconfig"; sourceTree = "<group>"; };
		8A59B1641FE7629FBF8FDCE0 /* Pods_BA2_PenederTests.framework */ = {isa = PBXFileReference; explicitFileType = wrapper.framework; includeInIndex = 0; path = Pods_BA2_PenederTests.framework; sourceTree = BUILT_PRODUCTS_DIR; };
		A4DCB4DA0EB8D0DE7D74097E /* Pods-BA2_Peneder.release.xcconfig */ = {isa = PBXFileReference; includeInIndex = 1; lastKnownFileType = text.xcconfig; name = "Pods-BA2_Peneder.release.xcconfig"; path = "Pods/Target Support Files/Pods-BA2_Peneder/Pods-BA2_Peneder.release.xcconfig"; sourceTree = "<group>"; };
		B2EC994A4C2F1BCC9A6128AD /* Pods-BA2_Peneder.debug.xcconfig */ = {isa = PBXFileReference; includeInIndex = 1; lastKnownFileType = text.xcconfig; name = "Pods-BA2_Peneder.debug.xcconfig"; path = "Pods/Target Support Files/Pods-BA2_Peneder/Pods-BA2_Peneder.debug.xcconfig"; sourceTree = "<group>"; };
		F7D87B96EF062B0107BAAC90 /* Pods-BA2_PenederUITests.release.xcconfig */ = {isa = PBXFileReference; includeInIndex = 1; lastKnownFileType = text.xcconfig; name = "Pods-BA2_PenederUITests.release.xcconfig"; path = "Pods/Target Support Files/Pods-BA2_PenederUITests/Pods-BA2_PenederUITests.release.xcconfig"; sourceTree = "<group>"; };
		FB731756A26C65A14798588E /* Pods_BA2_Peneder.framework */ = {isa = PBXFileReference; explicitFileType = wrapper.framework; includeInIndex = 0; path = Pods_BA2_Peneder.framework; sourceTree = BUILT_PRODUCTS_DIR; };
/* End PBXFileReference section */

/* Begin PBXFrameworksBuildPhase section */
		11CC9AAA203DC9BC00CE888E /* Frameworks */ = {
			isa = PBXFrameworksBuildPhase;
			buildActionMask = 2147483647;
			files = (
				409E6E121880A49DFD1C764B /* Pods_BA2_Peneder.framework in Frameworks */,
			);
			runOnlyForDeploymentPostprocessing = 0;
		};
		11CC9AC0203DC9BC00CE888E /* Frameworks */ = {
			isa = PBXFrameworksBuildPhase;
			buildActionMask = 2147483647;
			files = (
				97610B39D779619F14C19A0F /* Pods_BA2_PenederTests.framework in Frameworks */,
			);
			runOnlyForDeploymentPostprocessing = 0;
		};
		11CC9ACB203DC9BC00CE888E /* Frameworks */ = {
			isa = PBXFrameworksBuildPhase;
			buildActionMask = 2147483647;
			files = (
				7ECF964863288424C10663AE /* Pods_BA2_PenederUITests.framework in Frameworks */,
			);
			runOnlyForDeploymentPostprocessing = 0;
		};
/* End PBXFrameworksBuildPhase section */

/* Begin PBXGroup section */
		116654A82042FBE500976B29 /* ViewControllers */ = {
			isa = PBXGroup;
			children = (
				117B8AD220519B85008A6F49 /* NewRule */,
				117B8AD320519B93008A6F49 /* CategoryList */,
				117B8AD420519B9F008A6F49 /* CategoryDetail */,
				117B8AD520519BAA008A6F49 /* CategoryItem */,
				117B8AD620519BB4008A6F49 /* MyRules */,
				117B8AD720519BC2008A6F49 /* Settings */,
				117B8AD820519BCE008A6F49 /* RuleEvaluation */,
			);
			path = ViewControllers;
			sourceTree = "<group>";
		};
		117B8AD220519B85008A6F49 /* NewRule */ = {
			isa = PBXGroup;
			children = (
				11CC9AB4203DC9BC00CE888E /* NewRuleViewController.swift */,
				116654A62042FBD800976B29 /* NewRuleViewController+TableViewController.swift */,
			);
			path = NewRule;
			sourceTree = "<group>";
		};
		117B8AD320519B93008A6F49 /* CategoryList */ = {
			isa = PBXGroup;
			children = (
				11CC9AE0203DD57200CE888E /* CategoryListViewController.swift */,
				11CC9AE2203DD60400CE888E /* CategoryListViewController+CollectionView.swift */,
			);
			path = CategoryList;
			sourceTree = "<group>";
		};
		117B8AD420519B9F008A6F49 /* CategoryDetail */ = {
			isa = PBXGroup;
			children = (
				1193B93E203EC5490026FF00 /* CategoryDetailViewController.swift */,
				1193B940203EC5A20026FF00 /* CategoryDetailViewController+TableView.swift */,
			);
			path = CategoryDetail;
			sourceTree = "<group>";
		};
		117B8AD520519BAA008A6F49 /* CategoryItem */ = {
			isa = PBXGroup;
			children = (
				1153EA6720443EA100A5E038 /* CategoryItemViewController.swift */,
				1153EA6920443EC300A5E038 /* CategoryItemViewController+TableViewController.swift */,
			);
			path = CategoryItem;
			sourceTree = "<group>";
		};
		117B8AD620519BB4008A6F49 /* MyRules */ = {
			isa = PBXGroup;
			children = (
				11A31BD02046D5C6000C515E /* MyRulesViewController.swift */,
				117CCBF020480D540051114E /* MyRulesViewController+TableViewController.swift */,
			);
			path = MyRules;
			sourceTree = "<group>";
		};
		117B8AD720519BC2008A6F49 /* Settings */ = {
			isa = PBXGroup;
			children = (
				117B8ACC204FE4BA008A6F49 /* PreferredCategoriesTableViewController.swift */,
				117B8AC8204FD041008A6F49 /* SettingsTableViewController.swift */,
				117B8AE520528F7E008A6F49 /* CrispValuesForCategoriesViewController.swift */,
			);
			path = Settings;
			sourceTree = "<group>";
		};
		117B8AD820519BCE008A6F49 /* RuleEvaluation */ = {
			isa = PBXGroup;
			children = (
				117B8AD020519B7D008A6F49 /* RuleEvaluationViewController.swift */,
				117B8AE12051E31A008A6F49 /* RuleEvaluationViewController+TableView.swift */,
			);
			path = RuleEvaluation;
			sourceTree = "<group>";
		};
		11CC9AA4203DC9BC00CE888E = {
			isa = PBXGroup;
			children = (
				11CC9AAF203DC9BC00CE888E /* BA2_Peneder */,
				11CC9AC6203DC9BC00CE888E /* BA2_PenederTests */,
				11CC9AD1203DC9BC00CE888E /* BA2_PenederUITests */,
				11CC9AAE203DC9BC00CE888E /* Products */,
				BE3C5296484A4502295CEAF2 /* Pods */,
				57C31CF48F3EC046598EC3EF /* Frameworks */,
			);
			sourceTree = "<group>";
		};
		11CC9AAE203DC9BC00CE888E /* Products */ = {
			isa = PBXGroup;
			children = (
				11CC9AAD203DC9BC00CE888E /* BA2_Peneder.app */,
				11CC9AC3203DC9BC00CE888E /* BA2_PenederTests.xctest */,
				11CC9ACE203DC9BC00CE888E /* BA2_PenederUITests.xctest */,
			);
			name = Products;
			sourceTree = "<group>";
		};
		11CC9AAF203DC9BC00CE888E /* BA2_Peneder */ = {
			isa = PBXGroup;
			children = (
				116654A82042FBE500976B29 /* ViewControllers */,
				11F241972040CCEA00DBDB34 /* Datamodel */,
				11CC9AEF203DE31E00CE888E /* Utility */,
				11CC9AB0203DC9BC00CE888E /* AppDelegate.swift */,
				11CC9AB2203DC9BC00CE888E /* FirstViewController.swift */,
				11CC9AB6203DC9BC00CE888E /* Main.storyboard */,
				11CC9AB9203DC9BC00CE888E /* Assets.xcassets */,
				11CC9ABB203DC9BC00CE888E /* LaunchScreen.storyboard */,
				11CC9ABE203DC9BC00CE888E /* Info.plist */,
				11CC9AF4203DE42000CE888E /* Animations */,
				11CC9AE6203DD9C200CE888E /* Cells */,
				1153EA6520441FD700A5E038 /* UIColorExtension.swift */,
			);
			path = BA2_Peneder;
			sourceTree = "<group>";
		};
		11CC9AC6203DC9BC00CE888E /* BA2_PenederTests */ = {
			isa = PBXGroup;
			children = (
				11CC9AC7203DC9BC00CE888E /* BA2_PenederTests.swift */,
				11CC9AC9203DC9BC00CE888E /* Info.plist */,
			);
			path = BA2_PenederTests;
			sourceTree = "<group>";
		};
		11CC9AD1203DC9BC00CE888E /* BA2_PenederUITests */ = {
			isa = PBXGroup;
			children = (
				11CC9AD2203DC9BC00CE888E /* BA2_PenederUITests.swift */,
				11CC9AD4203DC9BC00CE888E /* Info.plist */,
			);
			path = BA2_PenederUITests;
			sourceTree = "<group>";
		};
		11CC9AE6203DD9C200CE888E /* Cells */ = {
			isa = PBXGroup;
			children = (
				11CC9AE4203DD9BB00CE888E /* BaseCategoryCell.swift */,
				11CC9AEB203DDD0600CE888E /* WeatherCollectionViewCell.swift */,
				11CC9AEC203DDD0600CE888E /* WeatherCollectionViewCell.xib */,
				11E99EFA203E2A1100DCCDD1 /* CategoryOverviewTableViewCell.swift */,
				11E99EFB203E2A1100DCCDD1 /* CategoryOverviewTableViewCell.xib */,
				11E99EFE203EB6D500DCCDD1 /* CategoryItemTableViewCell.swift */,
				11E99EFF203EB6D500DCCDD1 /* CategoryItemTableViewCell.xib */,
				116654A920430D8500976B29 /* NewRuleTableViewCell.swift */,
				116654AA20430D8500976B29 /* NewRuleTableViewCell.xib */,
				117CCBEC204807260051114E /* RuleTableViewCell.swift */,
				117CCBED204807260051114E /* RuleTableViewCell.xib */,
				117B8ADD2051DF89008A6F49 /* EvaluatedRuleTableViewCell.swift */,
				117B8ADE2051DF89008A6F49 /* EvaluatedRuleTableViewCell.xib */,
				117B8AE72052974C008A6F49 /* CrispValueCell.swift */,
			);
			path = Cells;
			sourceTree = "<group>";
		};
		11CC9AEF203DE31E00CE888E /* Utility */ = {
			isa = PBXGroup;
			children = (
				11CC9AF0203DE35400CE888E /* Reusable.swift */,
				11CC9AF2203DE37800CE888E /* UICollectionView+Reusable.swift */,
				11CC9AFD203DE8EC00CE888E /* BaseView.swift */,
				11CC9AFF203DE91A00CE888E /* UIView+Constraints.swift */,
				11CC9B01203DFBF000CE888E /* UIImageView+RoundedCorners.swift */,
				1193B942203EC9630026FF00 /* UITableView+Reusable.swift */,
				117CCBF220484EFB0051114E /* OrientationUtility.swift */,
				117CCBF42048676E0051114E /* ImageView+BlurEffect.swift */,
				117B8ACE20518CCA008A6F49 /* MembershipCalculator.swift */,
				117B8AE32051E80A008A6F49 /* UIViewController+ReadSaveRulesCSV.swift */,
				117B8AE92052A14F008A6F49 /* String+FloatValue.swift */,
			);
			path = Utility;
			sourceTree = "<group>";
		};
		11CC9AF4203DE42000CE888E /* Animations */ = {
			isa = PBXGroup;
			children = (
				11A31BD420476181000C515E /* Interactor.swift */,
				11A31BD620476197000C515E /* DismissAnimator.swift */,
			);
			path = Animations;
			sourceTree = "<group>";
		};
		11F241972040CCEA00DBDB34 /* Datamodel */ = {
			isa = PBXGroup;
			children = (
				11F241982040CF6C00DBDB34 /* Category.swift */,
				11F2419A2040D02900DBDB34 /* CategoryItem.swift */,
				116654AD20430F6A00976B29 /* Rule.swift */,
				116654AF2043137F00976B29 /* RulePart.swift */,
				116654B12043162500976B29 /* LogicalOperator.swift */,
				11A31BCE2046BF65000C515E /* Category+ExampleCategories.swift */,
				117B8AD920519D26008A6F49 /* FuzzyValue.swift */,
				117B8ADB2051B797008A6F49 /* FuzzyValue+ExampleFuzzyValues.swift */,
			);
			path = Datamodel;
			sourceTree = "<group>";
		};
		57C31CF48F3EC046598EC3EF /* Frameworks */ = {
			isa = PBXGroup;
			children = (
				FB731756A26C65A14798588E /* Pods_BA2_Peneder.framework */,
				8A59B1641FE7629FBF8FDCE0 /* Pods_BA2_PenederTests.framework */,
				5D6849CDC3D5F1878F7FEC2B /* Pods_BA2_PenederUITests.framework */,
			);
			name = Frameworks;
			sourceTree = "<group>";
		};
		BE3C5296484A4502295CEAF2 /* Pods */ = {
			isa = PBXGroup;
			children = (
				B2EC994A4C2F1BCC9A6128AD /* Pods-BA2_Peneder.debug.xcconfig */,
				A4DCB4DA0EB8D0DE7D74097E /* Pods-BA2_Peneder.release.xcconfig */,
				8643DA714C2057246386F7B1 /* Pods-BA2_PenederTests.debug.xcconfig */,
				6F4023D8FE64AAADE8CB7895 /* Pods-BA2_PenederTests.release.xcconfig */,
				53F392A840B9782D595AC4BE /* Pods-BA2_PenederUITests.debug.xcconfig */,
				F7D87B96EF062B0107BAAC90 /* Pods-BA2_PenederUITests.release.xcconfig */,
			);
			name = Pods;
			sourceTree = "<group>";
		};
/* End PBXGroup section */

/* Begin PBXNativeTarget section */
		11CC9AAC203DC9BC00CE888E /* BA2_Peneder */ = {
			isa = PBXNativeTarget;
			buildConfigurationList = 11CC9AD7203DC9BC00CE888E /* Build configuration list for PBXNativeTarget "BA2_Peneder" */;
			buildPhases = (
				DE82D29BBD43289C1D2AD78E /* [CP] Check Pods Manifest.lock */,
				11CC9AA9203DC9BC00CE888E /* Sources */,
				11CC9AAA203DC9BC00CE888E /* Frameworks */,
				11CC9AAB203DC9BC00CE888E /* Resources */,
				970E5BD2F1ECDCC3BF7A4BED /* [CP] Embed Pods Frameworks */,
				FE45C5360250EE8E21B67C0C /* [CP] Copy Pods Resources */,
			);
			buildRules = (
			);
			dependencies = (
			);
			name = BA2_Peneder;
			productName = BA2_Peneder;
			productReference = 11CC9AAD203DC9BC00CE888E /* BA2_Peneder.app */;
			productType = "com.apple.product-type.application";
		};
		11CC9AC2203DC9BC00CE888E /* BA2_PenederTests */ = {
			isa = PBXNativeTarget;
			buildConfigurationList = 11CC9ADA203DC9BC00CE888E /* Build configuration list for PBXNativeTarget "BA2_PenederTests" */;
			buildPhases = (
				1CE326A08A6AE9BDEB72CDD5 /* [CP] Check Pods Manifest.lock */,
				11CC9ABF203DC9BC00CE888E /* Sources */,
				11CC9AC0203DC9BC00CE888E /* Frameworks */,
				11CC9AC1203DC9BC00CE888E /* Resources */,
				EEAAA0898D289E6568B2314F /* [CP] Embed Pods Frameworks */,
				1477912900E0F85D355C8B3D /* [CP] Copy Pods Resources */,
			);
			buildRules = (
			);
			dependencies = (
				11CC9AC5203DC9BC00CE888E /* PBXTargetDependency */,
			);
			name = BA2_PenederTests;
			productName = BA2_PenederTests;
			productReference = 11CC9AC3203DC9BC00CE888E /* BA2_PenederTests.xctest */;
			productType = "com.apple.product-type.bundle.unit-test";
		};
		11CC9ACD203DC9BC00CE888E /* BA2_PenederUITests */ = {
			isa = PBXNativeTarget;
			buildConfigurationList = 11CC9ADD203DC9BC00CE888E /* Build configuration list for PBXNativeTarget "BA2_PenederUITests" */;
			buildPhases = (
				C32F8F6DCA103E315B4D61C9 /* [CP] Check Pods Manifest.lock */,
				11CC9ACA203DC9BC00CE888E /* Sources */,
				11CC9ACB203DC9BC00CE888E /* Frameworks */,
				11CC9ACC203DC9BC00CE888E /* Resources */,
				32FE902BB9672D2F9AEECBF7 /* [CP] Embed Pods Frameworks */,
				5416443CC39ED45A63324FF3 /* [CP] Copy Pods Resources */,
			);
			buildRules = (
			);
			dependencies = (
				11CC9AD0203DC9BC00CE888E /* PBXTargetDependency */,
			);
			name = BA2_PenederUITests;
			productName = BA2_PenederUITests;
			productReference = 11CC9ACE203DC9BC00CE888E /* BA2_PenederUITests.xctest */;
			productType = "com.apple.product-type.bundle.ui-testing";
		};
/* End PBXNativeTarget section */

/* Begin PBXProject section */
		11CC9AA5203DC9BC00CE888E /* Project object */ = {
			isa = PBXProject;
			attributes = {
				LastSwiftUpdateCheck = 0920;
				LastUpgradeCheck = 0920;
				ORGANIZATIONNAME = "Mark Peneder";
				TargetAttributes = {
					11CC9AAC203DC9BC00CE888E = {
						CreatedOnToolsVersion = 9.2;
						ProvisioningStyle = Automatic;
					};
					11CC9AC2203DC9BC00CE888E = {
						CreatedOnToolsVersion = 9.2;
						ProvisioningStyle = Automatic;
						TestTargetID = 11CC9AAC203DC9BC00CE888E;
					};
					11CC9ACD203DC9BC00CE888E = {
						CreatedOnToolsVersion = 9.2;
						ProvisioningStyle = Automatic;
						TestTargetID = 11CC9AAC203DC9BC00CE888E;
					};
				};
			};
			buildConfigurationList = 11CC9AA8203DC9BC00CE888E /* Build configuration list for PBXProject "BA2_Peneder" */;
			compatibilityVersion = "Xcode 8.0";
			developmentRegion = en;
			hasScannedForEncodings = 0;
			knownRegions = (
				en,
				Base,
			);
			mainGroup = 11CC9AA4203DC9BC00CE888E;
			productRefGroup = 11CC9AAE203DC9BC00CE888E /* Products */;
			projectDirPath = "";
			projectRoot = "";
			targets = (
				11CC9AAC203DC9BC00CE888E /* BA2_Peneder */,
				11CC9AC2203DC9BC00CE888E /* BA2_PenederTests */,
				11CC9ACD203DC9BC00CE888E /* BA2_PenederUITests */,
			);
		};
/* End PBXProject section */

/* Begin PBXResourcesBuildPhase section */
		11CC9AAB203DC9BC00CE888E /* Resources */ = {
			isa = PBXResourcesBuildPhase;
			buildActionMask = 2147483647;
			files = (
				11CC9ABD203DC9BC00CE888E /* LaunchScreen.storyboard in Resources */,
				117CCBEF204807260051114E /* RuleTableViewCell.xib in Resources */,
				117B8AE02051DF89008A6F49 /* EvaluatedRuleTableViewCell.xib in Resources */,
				11CC9AEE203DDD0600CE888E /* WeatherCollectionViewCell.xib in Resources */,
				116654AC20430D8500976B29 /* NewRuleTableViewCell.xib in Resources */,
				11CC9ABA203DC9BC00CE888E /* Assets.xcassets in Resources */,
				11E99EFD203E2A1100DCCDD1 /* CategoryOverviewTableViewCell.xib in Resources */,
				11E99F01203EB6D500DCCDD1 /* CategoryItemTableViewCell.xib in Resources */,
				11CC9AB8203DC9BC00CE888E /* Main.storyboard in Resources */,
			);
			runOnlyForDeploymentPostprocessing = 0;
		};
		11CC9AC1203DC9BC00CE888E /* Resources */ = {
			isa = PBXResourcesBuildPhase;
			buildActionMask = 2147483647;
			files = (
			);
			runOnlyForDeploymentPostprocessing = 0;
		};
		11CC9ACC203DC9BC00CE888E /* Resources */ = {
			isa = PBXResourcesBuildPhase;
			buildActionMask = 2147483647;
			files = (
			);
			runOnlyForDeploymentPostprocessing = 0;
		};
/* End PBXResourcesBuildPhase section */

/* Begin PBXShellScriptBuildPhase section */
		1477912900E0F85D355C8B3D /* [CP] Copy Pods Resources */ = {
			isa = PBXShellScriptBuildPhase;
			buildActionMask = 2147483647;
			files = (
			);
			inputPaths = (
			);
			name = "[CP] Copy Pods Resources";
			outputPaths = (
			);
			runOnlyForDeploymentPostprocessing = 0;
			shellPath = /bin/sh;
			shellScript = "\"${SRCROOT}/Pods/Target Support Files/Pods-BA2_PenederTests/Pods-BA2_PenederTests-resources.sh\"\n";
			showEnvVarsInLog = 0;
		};
		1CE326A08A6AE9BDEB72CDD5 /* [CP] Check Pods Manifest.lock */ = {
			isa = PBXShellScriptBuildPhase;
			buildActionMask = 2147483647;
			files = (
			);
			inputPaths = (
				"${PODS_PODFILE_DIR_PATH}/Podfile.lock",
				"${PODS_ROOT}/Manifest.lock",
			);
			name = "[CP] Check Pods Manifest.lock";
			outputPaths = (
				"$(DERIVED_FILE_DIR)/Pods-BA2_PenederTests-checkManifestLockResult.txt",
			);
			runOnlyForDeploymentPostprocessing = 0;
			shellPath = /bin/sh;
			shellScript = "diff \"${PODS_PODFILE_DIR_PATH}/Podfile.lock\" \"${PODS_ROOT}/Manifest.lock\" > /dev/null\nif [ $? != 0 ] ; then\n    # print error to STDERR\n    echo \"error: The sandbox is not in sync with the Podfile.lock. Run 'pod install' or update your CocoaPods installation.\" >&2\n    exit 1\nfi\n# This output is used by Xcode 'outputs' to avoid re-running this script phase.\necho \"SUCCESS\" > \"${SCRIPT_OUTPUT_FILE_0}\"\n";
			showEnvVarsInLog = 0;
		};
		32FE902BB9672D2F9AEECBF7 /* [CP] Embed Pods Frameworks */ = {
			isa = PBXShellScriptBuildPhase;
			buildActionMask = 2147483647;
			files = (
			);
			inputPaths = (
			);
			name = "[CP] Embed Pods Frameworks";
			outputPaths = (
			);
			runOnlyForDeploymentPostprocessing = 0;
			shellPath = /bin/sh;
			shellScript = "\"${SRCROOT}/Pods/Target Support Files/Pods-BA2_PenederUITests/Pods-BA2_PenederUITests-frameworks.sh\"\n";
			showEnvVarsInLog = 0;
		};
		5416443CC39ED45A63324FF3 /* [CP] Copy Pods Resources */ = {
			isa = PBXShellScriptBuildPhase;
			buildActionMask = 2147483647;
			files = (
			);
			inputPaths = (
			);
			name = "[CP] Copy Pods Resources";
			outputPaths = (
			);
			runOnlyForDeploymentPostprocessing = 0;
			shellPath = /bin/sh;
			shellScript = "\"${SRCROOT}/Pods/Target Support Files/Pods-BA2_PenederUITests/Pods-BA2_PenederUITests-resources.sh\"\n";
			showEnvVarsInLog = 0;
		};
		970E5BD2F1ECDCC3BF7A4BED /* [CP] Embed Pods Frameworks */ = {
			isa = PBXShellScriptBuildPhase;
			buildActionMask = 2147483647;
			files = (
			);
			inputPaths = (
				"${SRCROOT}/Pods/Target Support Files/Pods-BA2_Peneder/Pods-BA2_Peneder-frameworks.sh",
				"${BUILT_PRODUCTS_DIR}/CSV.swift/CSV.framework",
				"${BUILT_PRODUCTS_DIR}/CollapsibleTableSectionViewController/CollapsibleTableSectionViewController.framework",
			);
			name = "[CP] Embed Pods Frameworks";
			outputPaths = (
				"${TARGET_BUILD_DIR}/${FRAMEWORKS_FOLDER_PATH}/CSV.framework",
				"${TARGET_BUILD_DIR}/${FRAMEWORKS_FOLDER_PATH}/CollapsibleTableSectionViewController.framework",
			);
			runOnlyForDeploymentPostprocessing = 0;
			shellPath = /bin/sh;
			shellScript = "\"${SRCROOT}/Pods/Target Support Files/Pods-BA2_Peneder/Pods-BA2_Peneder-frameworks.sh\"\n";
			showEnvVarsInLog = 0;
		};
		C32F8F6DCA103E315B4D61C9 /* [CP] Check Pods Manifest.lock */ = {
			isa = PBXShellScriptBuildPhase;
			buildActionMask = 2147483647;
			files = (
			);
			inputPaths = (
				"${PODS_PODFILE_DIR_PATH}/Podfile.lock",
				"${PODS_ROOT}/Manifest.lock",
			);
			name = "[CP] Check Pods Manifest.lock";
			outputPaths = (
				"$(DERIVED_FILE_DIR)/Pods-BA2_PenederUITests-checkManifestLockResult.txt",
			);
			runOnlyForDeploymentPostprocessing = 0;
			shellPath = /bin/sh;
			shellScript = "diff \"${PODS_PODFILE_DIR_PATH}/Podfile.lock\" \"${PODS_ROOT}/Manifest.lock\" > /dev/null\nif [ $? != 0 ] ; then\n    # print error to STDERR\n    echo \"error: The sandbox is not in sync with the Podfile.lock. Run 'pod install' or update your CocoaPods installation.\" >&2\n    exit 1\nfi\n# This output is used by Xcode 'outputs' to avoid re-running this script phase.\necho \"SUCCESS\" > \"${SCRIPT_OUTPUT_FILE_0}\"\n";
			showEnvVarsInLog = 0;
		};
		DE82D29BBD43289C1D2AD78E /* [CP] Check Pods Manifest.lock */ = {
			isa = PBXShellScriptBuildPhase;
			buildActionMask = 2147483647;
			files = (
			);
			inputPaths = (
				"${PODS_PODFILE_DIR_PATH}/Podfile.lock",
				"${PODS_ROOT}/Manifest.lock",
			);
			name = "[CP] Check Pods Manifest.lock";
			outputPaths = (
				"$(DERIVED_FILE_DIR)/Pods-BA2_Peneder-checkManifestLockResult.txt",
			);
			runOnlyForDeploymentPostprocessing = 0;
			shellPath = /bin/sh;
			shellScript = "diff \"${PODS_PODFILE_DIR_PATH}/Podfile.lock\" \"${PODS_ROOT}/Manifest.lock\" > /dev/null\nif [ $? != 0 ] ; then\n    # print error to STDERR\n    echo \"error: The sandbox is not in sync with the Podfile.lock. Run 'pod install' or update your CocoaPods installation.\" >&2\n    exit 1\nfi\n# This output is used by Xcode 'outputs' to avoid re-running this script phase.\necho \"SUCCESS\" > \"${SCRIPT_OUTPUT_FILE_0}\"\n";
			showEnvVarsInLog = 0;
		};
		EEAAA0898D289E6568B2314F /* [CP] Embed Pods Frameworks */ = {
			isa = PBXShellScriptBuildPhase;
			buildActionMask = 2147483647;
			files = (
			);
			inputPaths = (
			);
			name = "[CP] Embed Pods Frameworks";
			outputPaths = (
			);
			runOnlyForDeploymentPostprocessing = 0;
			shellPath = /bin/sh;
			shellScript = "\"${SRCROOT}/Pods/Target Support Files/Pods-BA2_PenederTests/Pods-BA2_PenederTests-frameworks.sh\"\n";
			showEnvVarsInLog = 0;
		};
		FE45C5360250EE8E21B67C0C /* [CP] Copy Pods Resources */ = {
			isa = PBXShellScriptBuildPhase;
			buildActionMask = 2147483647;
			files = (
			);
			inputPaths = (
			);
			name = "[CP] Copy Pods Resources";
			outputPaths = (
			);
			runOnlyForDeploymentPostprocessing = 0;
			shellPath = /bin/sh;
			shellScript = "\"${SRCROOT}/Pods/Target Support Files/Pods-BA2_Peneder/Pods-BA2_Peneder-resources.sh\"\n";
			showEnvVarsInLog = 0;
		};
/* End PBXShellScriptBuildPhase section */

/* Begin PBXSourcesBuildPhase section */
		11CC9AA9203DC9BC00CE888E /* Sources */ = {
			isa = PBXSourcesBuildPhase;
			buildActionMask = 2147483647;
			files = (
				117B8ADA20519D26008A6F49 /* FuzzyValue.swift in Sources */,
				116654AB20430D8500976B29 /* NewRuleTableViewCell.swift in Sources */,
				11CC9B02203DFBF000CE888E /* UIImageView+RoundedCorners.swift in Sources */,
				1193B93F203EC5490026FF00 /* CategoryDetailViewController.swift in Sources */,
				116654AE20430F6A00976B29 /* Rule.swift in Sources */,
				1153EA6820443EA100A5E038 /* CategoryItemViewController.swift in Sources */,
				11F241992040CF6C00DBDB34 /* Category.swift in Sources */,
				116654B02043137F00976B29 /* RulePart.swift in Sources */,
				11CC9AE5203DD9BB00CE888E /* BaseCategoryCell.swift in Sources */,
				11A31BCF2046BF65000C515E /* Category+ExampleCategories.swift in Sources */,
				117B8AE620528F7E008A6F49 /* CrispValuesForCategoriesViewController.swift in Sources */,
				11E99EFC203E2A1100DCCDD1 /* CategoryOverviewTableViewCell.swift in Sources */,
				117B8AEA2052A14F008A6F49 /* String+FloatValue.swift in Sources */,
				1193B943203EC9630026FF00 /* UITableView+Reusable.swift in Sources */,
				1193B941203EC5A20026FF00 /* CategoryDetailViewController+TableView.swift in Sources */,
				117CCBF120480D540051114E /* MyRulesViewController+TableViewController.swift in Sources */,
				117B8AE82052974C008A6F49 /* CrispValueCell.swift in Sources */,
				11A31BD520476181000C515E /* Interactor.swift in Sources */,
				117B8ADC2051B797008A6F49 /* FuzzyValue+ExampleFuzzyValues.swift in Sources */,
				117B8ADF2051DF89008A6F49 /* EvaluatedRuleTableViewCell.swift in Sources */,
				117CCBEE204807260051114E /* RuleTableViewCell.swift in Sources */,
				117CCBF320484EFB0051114E /* OrientationUtility.swift in Sources */,
				116654A72042FBD800976B29 /* NewRuleViewController+TableViewController.swift in Sources */,
				11CC9AE3203DD60400CE888E /* CategoryListViewController+CollectionView.swift in Sources */,
				11CC9B00203DE91A00CE888E /* UIView+Constraints.swift in Sources */,
				11CC9AE1203DD57200CE888E /* CategoryListViewController.swift in Sources */,
				11CC9AB5203DC9BC00CE888E /* NewRuleViewController.swift in Sources */,
				117B8ACF20518CCA008A6F49 /* MembershipCalculator.swift in Sources */,
				116654B22043162500976B29 /* LogicalOperator.swift in Sources */,
				11CC9AF1203DE35400CE888E /* Reusable.swift in Sources */,
				11A31BD12046D5C6000C515E /* MyRulesViewController.swift in Sources */,
				1153EA6A20443EC300A5E038 /* CategoryItemViewController+TableViewController.swift in Sources */,
				1153EA6620441FD700A5E038 /* UIColorExtension.swift in Sources */,
				11CC9AB1203DC9BC00CE888E /* AppDelegate.swift in Sources */,
				11CC9AF3203DE37800CE888E /* UICollectionView+Reusable.swift in Sources */,
				11CC9AB3203DC9BC00CE888E /* FirstViewController.swift in Sources */,
				117B8AE22051E31A008A6F49 /* RuleEvaluationViewController+TableView.swift in Sources */,
				117CCBF52048676E0051114E /* ImageView+BlurEffect.swift in Sources */,
				11CC9AFE203DE8EC00CE888E /* BaseView.swift in Sources */,
				11E99F00203EB6D500DCCDD1 /* CategoryItemTableViewCell.swift in Sources */,
				11F2419B2040D02900DBDB34 /* CategoryItem.swift in Sources */,
				11CC9AED203DDD0600CE888E /* WeatherCollectionViewCell.swift in Sources */,
				11A31BD720476197000C515E /* DismissAnimator.swift in Sources */,
				117B8AE42051E80A008A6F49 /* UIViewController+ReadSaveRulesCSV.swift in Sources */,
				117B8ACD204FE4BA008A6F49 /* PreferredCategoriesTableViewController.swift in Sources */,
				117B8AD120519B7D008A6F49 /* RuleEvaluationViewController.swift in Sources */,
				117B8AC9204FD041008A6F49 /* SettingsTableViewController.swift in Sources */,
			);
			runOnlyForDeploymentPostprocessing = 0;
		};
		11CC9ABF203DC9BC00CE888E /* Sources */ = {
			isa = PBXSourcesBuildPhase;
			buildActionMask = 2147483647;
			files = (
				11CC9AC8203DC9BC00CE888E /* BA2_PenederTests.swift in Sources */,
			);
			runOnlyForDeploymentPostprocessing = 0;
		};
		11CC9ACA203DC9BC00CE888E /* Sources */ = {
			isa = PBXSourcesBuildPhase;
			buildActionMask = 2147483647;
			files = (
				11CC9AD3203DC9BC00CE888E /* BA2_PenederUITests.swift in Sources */,
			);
			runOnlyForDeploymentPostprocessing = 0;
		};
/* End PBXSourcesBuildPhase section */

/* Begin PBXTargetDependency section */
		11CC9AC5203DC9BC00CE888E /* PBXTargetDependency */ = {
			isa = PBXTargetDependency;
			target = 11CC9AAC203DC9BC00CE888E /* BA2_Peneder */;
			targetProxy = 11CC9AC4203DC9BC00CE888E /* PBXContainerItemProxy */;
		};
		11CC9AD0203DC9BC00CE888E /* PBXTargetDependency */ = {
			isa = PBXTargetDependency;
			target = 11CC9AAC203DC9BC00CE888E /* BA2_Peneder */;
			targetProxy = 11CC9ACF203DC9BC00CE888E /* PBXContainerItemProxy */;
		};
/* End PBXTargetDependency section */

/* Begin PBXVariantGroup section */
		11CC9AB6203DC9BC00CE888E /* Main.storyboard */ = {
			isa = PBXVariantGroup;
			children = (
				11CC9AB7203DC9BC00CE888E /* Base */,
			);
			name = Main.storyboard;
			sourceTree = "<group>";
		};
		11CC9ABB203DC9BC00CE888E /* LaunchScreen.storyboard */ = {
			isa = PBXVariantGroup;
			children = (
				11CC9ABC203DC9BC00CE888E /* Base */,
			);
			name = LaunchScreen.storyboard;
			sourceTree = "<group>";
		};
/* End PBXVariantGroup section */

/* Begin XCBuildConfiguration section */
		11CC9AD5203DC9BC00CE888E /* Debug */ = {
			isa = XCBuildConfiguration;
			buildSettings = {
				ALWAYS_SEARCH_USER_PATHS = NO;
				CLANG_ANALYZER_NONNULL = YES;
				CLANG_ANALYZER_NUMBER_OBJECT_CONVERSION = YES_AGGRESSIVE;
				CLANG_CXX_LANGUAGE_STANDARD = "gnu++14";
				CLANG_CXX_LIBRARY = "libc++";
				CLANG_ENABLE_MODULES = YES;
				CLANG_ENABLE_OBJC_ARC = YES;
				CLANG_WARN_BLOCK_CAPTURE_AUTORELEASING = YES;
				CLANG_WARN_BOOL_CONVERSION = YES;
				CLANG_WARN_COMMA = YES;
				CLANG_WARN_CONSTANT_CONVERSION = YES;
				CLANG_WARN_DIRECT_OBJC_ISA_USAGE = YES_ERROR;
				CLANG_WARN_DOCUMENTATION_COMMENTS = YES;
				CLANG_WARN_EMPTY_BODY = YES;
				CLANG_WARN_ENUM_CONVERSION = YES;
				CLANG_WARN_INFINITE_RECURSION = YES;
				CLANG_WARN_INT_CONVERSION = YES;
				CLANG_WARN_NON_LITERAL_NULL_CONVERSION = YES;
				CLANG_WARN_OBJC_LITERAL_CONVERSION = YES;
				CLANG_WARN_OBJC_ROOT_CLASS = YES_ERROR;
				CLANG_WARN_RANGE_LOOP_ANALYSIS = YES;
				CLANG_WARN_STRICT_PROTOTYPES = YES;
				CLANG_WARN_SUSPICIOUS_MOVE = YES;
				CLANG_WARN_UNGUARDED_AVAILABILITY = YES_AGGRESSIVE;
				CLANG_WARN_UNREACHABLE_CODE = YES;
				CLANG_WARN__DUPLICATE_METHOD_MATCH = YES;
				CODE_SIGN_IDENTITY = "iPhone Developer";
				COPY_PHASE_STRIP = NO;
				DEBUG_INFORMATION_FORMAT = dwarf;
				ENABLE_STRICT_OBJC_MSGSEND = YES;
				ENABLE_TESTABILITY = YES;
				GCC_C_LANGUAGE_STANDARD = gnu11;
				GCC_DYNAMIC_NO_PIC = NO;
				GCC_NO_COMMON_BLOCKS = YES;
				GCC_OPTIMIZATION_LEVEL = 0;
				GCC_PREPROCESSOR_DEFINITIONS = (
					"DEBUG=1",
					"$(inherited)",
				);
				GCC_WARN_64_TO_32_BIT_CONVERSION = YES;
				GCC_WARN_ABOUT_RETURN_TYPE = YES_ERROR;
				GCC_WARN_UNDECLARED_SELECTOR = YES;
				GCC_WARN_UNINITIALIZED_AUTOS = YES_AGGRESSIVE;
				GCC_WARN_UNUSED_FUNCTION = YES;
				GCC_WARN_UNUSED_VARIABLE = YES;
				IPHONEOS_DEPLOYMENT_TARGET = 11.2;
				MTL_ENABLE_DEBUG_INFO = YES;
				ONLY_ACTIVE_ARCH = YES;
				SDKROOT = iphoneos;
				SWIFT_ACTIVE_COMPILATION_CONDITIONS = DEBUG;
				SWIFT_OPTIMIZATION_LEVEL = "-Onone";
			};
			name = Debug;
		};
		11CC9AD6203DC9BC00CE888E /* Release */ = {
			isa = XCBuildConfiguration;
			buildSettings = {
				ALWAYS_SEARCH_USER_PATHS = NO;
				CLANG_ANALYZER_NONNULL = YES;
				CLANG_ANALYZER_NUMBER_OBJECT_CONVERSION = YES_AGGRESSIVE;
				CLANG_CXX_LANGUAGE_STANDARD = "gnu++14";
				CLANG_CXX_LIBRARY = "libc++";
				CLANG_ENABLE_MODULES = YES;
				CLANG_ENABLE_OBJC_ARC = YES;
				CLANG_WARN_BLOCK_CAPTURE_AUTORELEASING = YES;
				CLANG_WARN_BOOL_CONVERSION = YES;
				CLANG_WARN_COMMA = YES;
				CLANG_WARN_CONSTANT_CONVERSION = YES;
				CLANG_WARN_DIRECT_OBJC_ISA_USAGE = YES_ERROR;
				CLANG_WARN_DOCUMENTATION_COMMENTS = YES;
				CLANG_WARN_EMPTY_BODY = YES;
				CLANG_WARN_ENUM_CONVERSION = YES;
				CLANG_WARN_INFINITE_RECURSION = YES;
				CLANG_WARN_INT_CONVERSION = YES;
				CLANG_WARN_NON_LITERAL_NULL_CONVERSION = YES;
				CLANG_WARN_OBJC_LITERAL_CONVERSION = YES;
				CLANG_WARN_OBJC_ROOT_CLASS = YES_ERROR;
				CLANG_WARN_RANGE_LOOP_ANALYSIS = YES;
				CLANG_WARN_STRICT_PROTOTYPES = YES;
				CLANG_WARN_SUSPICIOUS_MOVE = YES;
				CLANG_WARN_UNGUARDED_AVAILABILITY = YES_AGGRESSIVE;
				CLANG_WARN_UNREACHABLE_CODE = YES;
				CLANG_WARN__DUPLICATE_METHOD_MATCH = YES;
				CODE_SIGN_IDENTITY = "iPhone Developer";
				COPY_PHASE_STRIP = NO;
				DEBUG_INFORMATION_FORMAT = "dwarf-with-dsym";
				ENABLE_NS_ASSERTIONS = NO;
				ENABLE_STRICT_OBJC_MSGSEND = YES;
				GCC_C_LANGUAGE_STANDARD = gnu11;
				GCC_NO_COMMON_BLOCKS = YES;
				GCC_WARN_64_TO_32_BIT_CONVERSION = YES;
				GCC_WARN_ABOUT_RETURN_TYPE = YES_ERROR;
				GCC_WARN_UNDECLARED_SELECTOR = YES;
				GCC_WARN_UNINITIALIZED_AUTOS = YES_AGGRESSIVE;
				GCC_WARN_UNUSED_FUNCTION = YES;
				GCC_WARN_UNUSED_VARIABLE = YES;
				IPHONEOS_DEPLOYMENT_TARGET = 11.2;
				MTL_ENABLE_DEBUG_INFO = NO;
				SDKROOT = iphoneos;
				SWIFT_OPTIMIZATION_LEVEL = "-Owholemodule";
				VALIDATE_PRODUCT = YES;
			};
			name = Release;
		};
		11CC9AD8203DC9BC00CE888E /* Debug */ = {
			isa = XCBuildConfiguration;
			baseConfigurationReference = B2EC994A4C2F1BCC9A6128AD /* Pods-BA2_Peneder.debug.xcconfig */;
			buildSettings = {
				ASSETCATALOG_COMPILER_APPICON_NAME = AppIcon;
				CODE_SIGN_STYLE = Automatic;
				DEVELOPMENT_TEAM = 44GSE3RUH5;
				INFOPLIST_FILE = BA2_Peneder/Info.plist;
				IPHONEOS_DEPLOYMENT_TARGET = 11.2;
				LD_RUNPATH_SEARCH_PATHS = "$(inherited) @executable_path/Frameworks";
				PRODUCT_BUNDLE_IDENTIFIER = "at.fh.ooe.peneder.BA2-Peneder";
				PRODUCT_NAME = "$(TARGET_NAME)";
				SWIFT_VERSION = 4.0;
				TARGETED_DEVICE_FAMILY = "1,2";
			};
			name = Debug;
		};
		11CC9AD9203DC9BC00CE888E /* Release */ = {
			isa = XCBuildConfiguration;
			baseConfigurationReference = A4DCB4DA0EB8D0DE7D74097E /* Pods-BA2_Peneder.release.xcconfig */;
			buildSettings = {
				ASSETCATALOG_COMPILER_APPICON_NAME = AppIcon;
				CODE_SIGN_STYLE = Automatic;
				DEVELOPMENT_TEAM = 44GSE3RUH5;
				INFOPLIST_FILE = BA2_Peneder/Info.plist;
				IPHONEOS_DEPLOYMENT_TARGET = 11.2;
				LD_RUNPATH_SEARCH_PATHS = "$(inherited) @executable_path/Frameworks";
				PRODUCT_BUNDLE_IDENTIFIER = "at.fh.ooe.peneder.BA2-Peneder";
				PRODUCT_NAME = "$(TARGET_NAME)";
				SWIFT_VERSION = 4.0;
				TARGETED_DEVICE_FAMILY = "1,2";
			};
			name = Release;
		};
		11CC9ADB203DC9BC00CE888E /* Debug */ = {
			isa = XCBuildConfiguration;
			baseConfigurationReference = 8643DA714C2057246386F7B1 /* Pods-BA2_PenederTests.debug.xcconfig */;
			buildSettings = {
				ALWAYS_EMBED_SWIFT_STANDARD_LIBRARIES = YES;
				BUNDLE_LOADER = "$(TEST_HOST)";
				CODE_SIGN_STYLE = Automatic;
				DEVELOPMENT_TEAM = 44GSE3RUH5;
				INFOPLIST_FILE = BA2_PenederTests/Info.plist;
				LD_RUNPATH_SEARCH_PATHS = "$(inherited) @executable_path/Frameworks @loader_path/Frameworks";
				PRODUCT_BUNDLE_IDENTIFIER = "at.fh.ooe.peneder.BA2-PenederTests";
				PRODUCT_NAME = "$(TARGET_NAME)";
				SWIFT_VERSION = 4.0;
				TARGETED_DEVICE_FAMILY = "1,2";
				TEST_HOST = "$(BUILT_PRODUCTS_DIR)/BA2_Peneder.app/BA2_Peneder";
			};
			name = Debug;
		};
		11CC9ADC203DC9BC00CE888E /* Release */ = {
			isa = XCBuildConfiguration;
			baseConfigurationReference = 6F4023D8FE64AAADE8CB7895 /* Pods-BA2_PenederTests.release.xcconfig */;
			buildSettings = {
				ALWAYS_EMBED_SWIFT_STANDARD_LIBRARIES = YES;
				BUNDLE_LOADER = "$(TEST_HOST)";
				CODE_SIGN_STYLE = Automatic;
				DEVELOPMENT_TEAM = 44GSE3RUH5;
				INFOPLIST_FILE = BA2_PenederTests/Info.plist;
				LD_RUNPATH_SEARCH_PATHS = "$(inherited) @executable_path/Frameworks @loader_path/Frameworks";
				PRODUCT_BUNDLE_IDENTIFIER = "at.fh.ooe.peneder.BA2-PenederTests";
				PRODUCT_NAME = "$(TARGET_NAME)";
				SWIFT_VERSION = 4.0;
				TARGETED_DEVICE_FAMILY = "1,2";
				TEST_HOST = "$(BUILT_PRODUCTS_DIR)/BA2_Peneder.app/BA2_Peneder";
			};
			name = Release;
		};
		11CC9ADE203DC9BC00CE888E /* Debug */ = {
			isa = XCBuildConfiguration;
			baseConfigurationReference = 53F392A840B9782D595AC4BE /* Pods-BA2_PenederUITests.debug.xcconfig */;
			buildSettings = {
				ALWAYS_EMBED_SWIFT_STANDARD_LIBRARIES = YES;
				CODE_SIGN_STYLE = Automatic;
				DEVELOPMENT_TEAM = 44GSE3RUH5;
				INFOPLIST_FILE = BA2_PenederUITests/Info.plist;
				LD_RUNPATH_SEARCH_PATHS = "$(inherited) @executable_path/Frameworks @loader_path/Frameworks";
				PRODUCT_BUNDLE_IDENTIFIER = "at.fh.ooe.peneder.BA2-PenederUITests";
				PRODUCT_NAME = "$(TARGET_NAME)";
				SWIFT_VERSION = 4.0;
				TARGETED_DEVICE_FAMILY = "1,2";
				TEST_TARGET_NAME = BA2_Peneder;
			};
			name = Debug;
		};
		11CC9ADF203DC9BC00CE888E /* Release */ = {
			isa = XCBuildConfiguration;
			baseConfigurationReference = F7D87B96EF062B0107BAAC90 /* Pods-BA2_PenederUITests.release.xcconfig */;
			buildSettings = {
				ALWAYS_EMBED_SWIFT_STANDARD_LIBRARIES = YES;
				CODE_SIGN_STYLE = Automatic;
				DEVELOPMENT_TEAM = 44GSE3RUH5;
				INFOPLIST_FILE = BA2_PenederUITests/Info.plist;
				LD_RUNPATH_SEARCH_PATHS = "$(inherited) @executable_path/Frameworks @loader_path/Frameworks";
				PRODUCT_BUNDLE_IDENTIFIER = "at.fh.ooe.peneder.BA2-PenederUITests";
				PRODUCT_NAME = "$(TARGET_NAME)";
				SWIFT_VERSION = 4.0;
				TARGETED_DEVICE_FAMILY = "1,2";
				TEST_TARGET_NAME = BA2_Peneder;
			};
			name = Release;
		};
/* End XCBuildConfiguration section */

/* Begin XCConfigurationList section */
		11CC9AA8203DC9BC00CE888E /* Build configuration list for PBXProject "BA2_Peneder" */ = {
			isa = XCConfigurationList;
			buildConfigurations = (
				11CC9AD5203DC9BC00CE888E /* Debug */,
				11CC9AD6203DC9BC00CE888E /* Release */,
			);
			defaultConfigurationIsVisible = 0;
			defaultConfigurationName = Release;
		};
		11CC9AD7203DC9BC00CE888E /* Build configuration list for PBXNativeTarget "BA2_Peneder" */ = {
			isa = XCConfigurationList;
			buildConfigurations = (
				11CC9AD8203DC9BC00CE888E /* Debug */,
				11CC9AD9203DC9BC00CE888E /* Release */,
			);
			defaultConfigurationIsVisible = 0;
			defaultConfigurationName = Release;
		};
		11CC9ADA203DC9BC00CE888E /* Build configuration list for PBXNativeTarget "BA2_PenederTests" */ = {
			isa = XCConfigurationList;
			buildConfigurations = (
				11CC9ADB203DC9BC00CE888E /* Debug */,
				11CC9ADC203DC9BC00CE888E /* Release */,
			);
			defaultConfigurationIsVisible = 0;
			defaultConfigurationName = Release;
		};
		11CC9ADD203DC9BC00CE888E /* Build configuration list for PBXNativeTarget "BA2_PenederUITests" */ = {
			isa = XCConfigurationList;
			buildConfigurations = (
				11CC9ADE203DC9BC00CE888E /* Debug */,
				11CC9ADF203DC9BC00CE888E /* Release */,
			);
			defaultConfigurationIsVisible = 0;
			defaultConfigurationName = Release;
		};
/* End XCConfigurationList section */
	};
	rootObject = 11CC9AA5203DC9BC00CE888E /* Project object */;
}
