// !$*UTF8*$!
{
	archiveVersion = 1;
	classes = {
	};
	objectVersion = 48;
	objects = {

/* Begin PBXBuildFile section */
		1153EA6620441FD700A5E038 /* UIColorExtension.swift in Sources */ = {isa = PBXBuildFile; fileRef = 1153EA6520441FD700A5E038 /* UIColorExtension.swift */; };
		1153EA6820443EA100A5E038 /* CategoryItemViewController.swift in Sources */ = {isa = PBXBuildFile; fileRef = 1153EA6720443EA100A5E038 /* CategoryItemViewController.swift */; };
		1153EA6A20443EC300A5E038 /* CategoryItemViewController+TableViewController.swift in Sources */ = {isa = PBXBuildFile; fileRef = 1153EA6920443EC300A5E038 /* CategoryItemViewController+TableViewController.swift */; };
		116654A72042FBD800976B29 /* NewRuleViewController+TableViewController.swift in Sources */ = {isa = PBXBuildFile; fileRef = 116654A62042FBD800976B29 /* NewRuleViewController+TableViewController.swift */; };
		116654AB20430D8500976B29 /* NewRuleTableViewCell.swift in Sources */ = {isa = PBXBuildFile; fileRef = 116654A920430D8500976B29 /* NewRuleTableViewCell.swift */; };
		116654AC20430D8500976B29 /* NewRuleTableViewCell.xib in Resources */ = {isa = PBXBuildFile; fileRef = 116654AA20430D8500976B29 /* NewRuleTableViewCell.xib */; };
		116654AE20430F6A00976B29 /* Rule.swift in Sources */ = {isa = PBXBuildFile; fileRef = 116654AD20430F6A00976B29 /* Rule.swift */; };
		116654B02043137F00976B29 /* RulePart.swift in Sources */ = {isa = PBXBuildFile; fileRef = 116654AF2043137F00976B29 /* RulePart.swift */; };
		116654B22043162500976B29 /* LogicalOperator.swift in Sources */ = {isa = PBXBuildFile; fileRef = 116654B12043162500976B29 /* LogicalOperator.swift */; };
		1193B93F203EC5490026FF00 /* CategoryDetailViewController.swift in Sources */ = {isa = PBXBuildFile; fileRef = 1193B93E203EC5490026FF00 /* CategoryDetailViewController.swift */; };
		1193B941203EC5A20026FF00 /* CategoryDetailViewController+TableView.swift in Sources */ = {isa = PBXBuildFile; fileRef = 1193B940203EC5A20026FF00 /* CategoryDetailViewController+TableView.swift */; };
		1193B943203EC9630026FF00 /* UITableView+Reusable.swift in Sources */ = {isa = PBXBuildFile; fileRef = 1193B942203EC9630026FF00 /* UITableView+Reusable.swift */; };
		11CC9AB1203DC9BC00CE888E /* AppDelegate.swift in Sources */ = {isa = PBXBuildFile; fileRef = 11CC9AB0203DC9BC00CE888E /* AppDelegate.swift */; };
		11CC9AB3203DC9BC00CE888E /* FirstViewController.swift in Sources */ = {isa = PBXBuildFile; fileRef = 11CC9AB2203DC9BC00CE888E /* FirstViewController.swift */; };
		11CC9AB5203DC9BC00CE888E /* NewRuleViewController.swift in Sources */ = {isa = PBXBuildFile; fileRef = 11CC9AB4203DC9BC00CE888E /* NewRuleViewController.swift */; };
		11CC9AB8203DC9BC00CE888E /* Main.storyboard in Resources */ = {isa = PBXBuildFile; fileRef = 11CC9AB6203DC9BC00CE888E /* Main.storyboard */; };
		11CC9ABA203DC9BC00CE888E /* Assets.xcassets in Resources */ = {isa = PBXBuildFile; fileRef = 11CC9AB9203DC9BC00CE888E /* Assets.xcassets */; };
		11CC9ABD203DC9BC00CE888E /* LaunchScreen.storyboard in Resources */ = {isa = PBXBuildFile; fileRef = 11CC9ABB203DC9BC00CE888E /* LaunchScreen.storyboard */; };
		11CC9AC8203DC9BC00CE888E /* BA2_PenederTests.swift in Sources */ = {isa = PBXBuildFile; fileRef = 11CC9AC7203DC9BC00CE888E /* BA2_PenederTests.swift */; };
		11CC9AD3203DC9BC00CE888E /* BA2_PenederUITests.swift in Sources */ = {isa = PBXBuildFile; fileRef = 11CC9AD2203DC9BC00CE888E /* BA2_PenederUITests.swift */; };
		11CC9AE1203DD57200CE888E /* CategoryListViewController.swift in Sources */ = {isa = PBXBuildFile; fileRef = 11CC9AE0203DD57200CE888E /* CategoryListViewController.swift */; };
		11CC9AE3203DD60400CE888E /* CategoryListViewController+CollectionView.swift in Sources */ = {isa = PBXBuildFile; fileRef = 11CC9AE2203DD60400CE888E /* CategoryListViewController+CollectionView.swift */; };
		11CC9AE5203DD9BB00CE888E /* BaseCategoryCell.swift in Sources */ = {isa = PBXBuildFile; fileRef = 11CC9AE4203DD9BB00CE888E /* BaseCategoryCell.swift */; };
		11CC9AED203DDD0600CE888E /* WeatherCollectionViewCell.swift in Sources */ = {isa = PBXBuildFile; fileRef = 11CC9AEB203DDD0600CE888E /* WeatherCollectionViewCell.swift */; };
		11CC9AEE203DDD0600CE888E /* WeatherCollectionViewCell.xib in Resources */ = {isa = PBXBuildFile; fileRef = 11CC9AEC203DDD0600CE888E /* WeatherCollectionViewCell.xib */; };
		11CC9AF1203DE35400CE888E /* Reusable.swift in Sources */ = {isa = PBXBuildFile; fileRef = 11CC9AF0203DE35400CE888E /* Reusable.swift */; };
		11CC9AF3203DE37800CE888E /* UICollectionView+Reusable.swift in Sources */ = {isa = PBXBuildFile; fileRef = 11CC9AF2203DE37800CE888E /* UICollectionView+Reusable.swift */; };
		11CC9AFE203DE8EC00CE888E /* BaseView.swift in Sources */ = {isa = PBXBuildFile; fileRef = 11CC9AFD203DE8EC00CE888E /* BaseView.swift */; };
		11CC9B00203DE91A00CE888E /* UIView+Constraints.swift in Sources */ = {isa = PBXBuildFile; fileRef = 11CC9AFF203DE91A00CE888E /* UIView+Constraints.swift */; };
		11CC9B02203DFBF000CE888E /* UIImageView+RoundedCorners.swift in Sources */ = {isa = PBXBuildFile; fileRef = 11CC9B01203DFBF000CE888E /* UIImageView+RoundedCorners.swift */; };
		11E99EFC203E2A1100DCCDD1 /* CategoryOverviewTableViewCell.swift in Sources */ = {isa = PBXBuildFile; fileRef = 11E99EFA203E2A1100DCCDD1 /* CategoryOverviewTableViewCell.swift */; };
		11E99EFD203E2A1100DCCDD1 /* CategoryOverviewTableViewCell.xib in Resources */ = {isa = PBXBuildFile; fileRef = 11E99EFB203E2A1100DCCDD1 /* CategoryOverviewTableViewCell.xib */; };
		11E99F00203EB6D500DCCDD1 /* CategoryItemTableViewCell.swift in Sources */ = {isa = PBXBuildFile; fileRef = 11E99EFE203EB6D500DCCDD1 /* CategoryItemTableViewCell.swift */; };
		11E99F01203EB6D500DCCDD1 /* CategoryItemTableViewCell.xib in Resources */ = {isa = PBXBuildFile; fileRef = 11E99EFF203EB6D500DCCDD1 /* CategoryItemTableViewCell.xib */; };
		11F241992040CF6C00DBDB34 /* Category.swift in Sources */ = {isa = PBXBuildFile; fileRef = 11F241982040CF6C00DBDB34 /* Category.swift */; };
		11F2419B2040D02900DBDB34 /* CategoryItem.swift in Sources */ = {isa = PBXBuildFile; fileRef = 11F2419A2040D02900DBDB34 /* CategoryItem.swift */; };
/* End PBXBuildFile section */

/* Begin PBXContainerItemProxy section */
		11CC9AC4203DC9BC00CE888E /* PBXContainerItemProxy */ = {
			isa = PBXContainerItemProxy;
			containerPortal = 11CC9AA5203DC9BC00CE888E /* Project object */;
			proxyType = 1;
			remoteGlobalIDString = 11CC9AAC203DC9BC00CE888E;
			remoteInfo = BA2_Peneder;
		};
		11CC9ACF203DC9BC00CE888E /* PBXContainerItemProxy */ = {
			isa = PBXContainerItemProxy;
			containerPortal = 11CC9AA5203DC9BC00CE888E /* Project object */;
			proxyType = 1;
			remoteGlobalIDString = 11CC9AAC203DC9BC00CE888E;
			remoteInfo = BA2_Peneder;
		};
/* End PBXContainerItemProxy section */

/* Begin PBXFileReference section */
		1153EA6520441FD700A5E038 /* UIColorExtension.swift */ = {isa = PBXFileReference; lastKnownFileType = sourcecode.swift; path = UIColorExtension.swift; sourceTree = "<group>"; };
		1153EA6720443EA100A5E038 /* CategoryItemViewController.swift */ = {isa = PBXFileReference; lastKnownFileType = sourcecode.swift; path = CategoryItemViewController.swift; sourceTree = "<group>"; };
		1153EA6920443EC300A5E038 /* CategoryItemViewController+TableViewController.swift */ = {isa = PBXFileReference; lastKnownFileType = sourcecode.swift; path = "CategoryItemViewController+TableViewController.swift"; sourceTree = "<group>"; };
		116654A62042FBD800976B29 /* NewRuleViewController+TableViewController.swift */ = {isa = PBXFileReference; lastKnownFileType = sourcecode.swift; path = "NewRuleViewController+TableViewController.swift"; sourceTree = "<group>"; };
		116654A920430D8500976B29 /* NewRuleTableViewCell.swift */ = {isa = PBXFileReference; lastKnownFileType = sourcecode.swift; path = NewRuleTableViewCell.swift; sourceTree = "<group>"; };
		116654AA20430D8500976B29 /* NewRuleTableViewCell.xib */ = {isa = PBXFileReference; lastKnownFileType = file.xib; path = NewRuleTableViewCell.xib; sourceTree = "<group>"; };
		116654AD20430F6A00976B29 /* Rule.swift */ = {isa = PBXFileReference; lastKnownFileType = sourcecode.swift; path = Rule.swift; sourceTree = "<group>"; };
		116654AF2043137F00976B29 /* RulePart.swift */ = {isa = PBXFileReference; lastKnownFileType = sourcecode.swift; path = RulePart.swift; sourceTree = "<group>"; };
		116654B12043162500976B29 /* LogicalOperator.swift */ = {isa = PBXFileReference; lastKnownFileType = sourcecode.swift; path = LogicalOperator.swift; sourceTree = "<group>"; };
		1193B93E203EC5490026FF00 /* CategoryDetailViewController.swift */ = {isa = PBXFileReference; lastKnownFileType = sourcecode.swift; path = CategoryDetailViewController.swift; sourceTree = "<group>"; };
		1193B940203EC5A20026FF00 /* CategoryDetailViewController+TableView.swift */ = {isa = PBXFileReference; lastKnownFileType = sourcecode.swift; path = "CategoryDetailViewController+TableView.swift"; sourceTree = "<group>"; };
		1193B942203EC9630026FF00 /* UITableView+Reusable.swift */ = {isa = PBXFileReference; lastKnownFileType = sourcecode.swift; path = "UITableView+Reusable.swift"; sourceTree = "<group>"; };
		11CC9AAD203DC9BC00CE888E /* BA2_Peneder.app */ = {isa = PBXFileReference; explicitFileType = wrapper.application; includeInIndex = 0; path = BA2_Peneder.app; sourceTree = BUILT_PRODUCTS_DIR; };
		11CC9AB0203DC9BC00CE888E /* AppDelegate.swift */ = {isa = PBXFileReference; lastKnownFileType = sourcecode.swift; path = AppDelegate.swift; sourceTree = "<group>"; };
		11CC9AB2203DC9BC00CE888E /* FirstViewController.swift */ = {isa = PBXFileReference; lastKnownFileType = sourcecode.swift; path = FirstViewController.swift; sourceTree = "<group>"; };
		11CC9AB4203DC9BC00CE888E /* NewRuleViewController.swift */ = {isa = PBXFileReference; lastKnownFileType = sourcecode.swift; path = NewRuleViewController.swift; sourceTree = "<group>"; };
		11CC9AB7203DC9BC00CE888E /* Base */ = {isa = PBXFileReference; lastKnownFileType = file.storyboard; name = Base; path = Base.lproj/Main.storyboard; sourceTree = "<group>"; };
		11CC9AB9203DC9BC00CE888E /* Assets.xcassets */ = {isa = PBXFileReference; lastKnownFileType = folder.assetcatalog; path = Assets.xcassets; sourceTree = "<group>"; };
		11CC9ABC203DC9BC00CE888E /* Base */ = {isa = PBXFileReference; lastKnownFileType = file.storyboard; name = Base; path = Base.lproj/LaunchScreen.storyboard; sourceTree = "<group>"; };
		11CC9ABE203DC9BC00CE888E /* Info.plist */ = {isa = PBXFileReference; lastKnownFileType = text.plist.xml; path = Info.plist; sourceTree = "<group>"; };
		11CC9AC3203DC9BC00CE888E /* BA2_PenederTests.xctest */ = {isa = PBXFileReference; explicitFileType = wrapper.cfbundle; includeInIndex = 0; path = BA2_PenederTests.xctest; sourceTree = BUILT_PRODUCTS_DIR; };
		11CC9AC7203DC9BC00CE888E /* BA2_PenederTests.swift */ = {isa = PBXFileReference; lastKnownFileType = sourcecode.swift; path = BA2_PenederTests.swift; sourceTree = "<group>"; };
		11CC9AC9203DC9BC00CE888E /* Info.plist */ = {isa = PBXFileReference; lastKnownFileType = text.plist.xml; path = Info.plist; sourceTree = "<group>"; };
		11CC9ACE203DC9BC00CE888E /* BA2_PenederUITests.xctest */ = {isa = PBXFileReference; explicitFileType = wrapper.cfbundle; includeInIndex = 0; path = BA2_PenederUITests.xctest; sourceTree = BUILT_PRODUCTS_DIR; };
		11CC9AD2203DC9BC00CE888E /* BA2_PenederUITests.swift */ = {isa = PBXFileReference; lastKnownFileType = sourcecode.swift; path = BA2_PenederUITests.swift; sourceTree = "<group>"; };
		11CC9AD4203DC9BC00CE888E /* Info.plist */ = {isa = PBXFileReference; lastKnownFileType = text.plist.xml; path = Info.plist; sourceTree = "<group>"; };
		11CC9AE0203DD57200CE888E /* CategoryListViewController.swift */ = {isa = PBXFileReference; lastKnownFileType = sourcecode.swift; path = CategoryListViewController.swift; sourceTree = "<group>"; };
		11CC9AE2203DD60400CE888E /* CategoryListViewController+CollectionView.swift */ = {isa = PBXFileReference; lastKnownFileType = sourcecode.swift; path = "CategoryListViewController+CollectionView.swift"; sourceTree = "<group>"; };
		11CC9AE4203DD9BB00CE888E /* BaseCategoryCell.swift */ = {isa = PBXFileReference; lastKnownFileType = sourcecode.swift; path = BaseCategoryCell.swift; sourceTree = "<group>"; };
		11CC9AEB203DDD0600CE888E /* WeatherCollectionViewCell.swift */ = {isa = PBXFileReference; lastKnownFileType = sourcecode.swift; path = WeatherCollectionViewCell.swift; sourceTree = "<group>"; };
		11CC9AEC203DDD0600CE888E /* WeatherCollectionViewCell.xib */ = {isa = PBXFileReference; lastKnownFileType = file.xib; path = WeatherCollectionViewCell.xib; sourceTree = "<group>"; };
		11CC9AF0203DE35400CE888E /* Reusable.swift */ = {isa = PBXFileReference; lastKnownFileType = sourcecode.swift; path = Reusable.swift; sourceTree = "<group>"; };
		11CC9AF2203DE37800CE888E /* UICollectionView+Reusable.swift */ = {isa = PBXFileReference; lastKnownFileType = sourcecode.swift; path = "UICollectionView+Reusable.swift"; sourceTree = "<group>"; };
		11CC9AFD203DE8EC00CE888E /* BaseView.swift */ = {isa = PBXFileReference; lastKnownFileType = sourcecode.swift; path = BaseView.swift; sourceTree = "<group>"; };
		11CC9AFF203DE91A00CE888E /* UIView+Constraints.swift */ = {isa = PBXFileReference; lastKnownFileType = sourcecode.swift; path = "UIView+Constraints.swift"; sourceTree = "<group>"; };
		11CC9B01203DFBF000CE888E /* UIImageView+RoundedCorners.swift */ = {isa = PBXFileReference; lastKnownFileType = sourcecode.swift; path = "UIImageView+RoundedCorners.swift"; sourceTree = "<group>"; };
		11E99EFA203E2A1100DCCDD1 /* CategoryOverviewTableViewCell.swift */ = {isa = PBXFileReference; lastKnownFileType = sourcecode.swift; path = CategoryOverviewTableViewCell.swift; sourceTree = "<group>"; };
		11E99EFB203E2A1100DCCDD1 /* CategoryOverviewTableViewCell.xib */ = {isa = PBXFileReference; lastKnownFileType = file.xib; path = CategoryOverviewTableViewCell.xib; sourceTree = "<group>"; };
		11E99EFE203EB6D500DCCDD1 /* CategoryItemTableViewCell.swift */ = {isa = PBXFileReference; lastKnownFileType = sourcecode.swift; path = CategoryItemTableViewCell.swift; sourceTree = "<group>"; };
		11E99EFF203EB6D500DCCDD1 /* CategoryItemTableViewCell.xib */ = {isa = PBXFileReference; lastKnownFileType = file.xib; path = CategoryItemTableViewCell.xib; sourceTree = "<group>"; };
		11F241982040CF6C00DBDB34 /* Category.swift */ = {isa = PBXFileReference; lastKnownFileType = sourcecode.swift; path = Category.swift; sourceTree = "<group>"; };
		11F2419A2040D02900DBDB34 /* CategoryItem.swift */ = {isa = PBXFileReference; lastKnownFileType = sourcecode.swift; path = CategoryItem.swift; sourceTree = "<group>"; };
/* End PBXFileReference section */

/* Begin PBXFrameworksBuildPhase section */
		11CC9AAA203DC9BC00CE888E /* Frameworks */ = {
			isa = PBXFrameworksBuildPhase;
			buildActionMask = 2147483647;
			files = (
			);
			runOnlyForDeploymentPostprocessing = 0;
		};
		11CC9AC0203DC9BC00CE888E /* Frameworks */ = {
			isa = PBXFrameworksBuildPhase;
			buildActionMask = 2147483647;
			files = (
			);
			runOnlyForDeploymentPostprocessing = 0;
		};
		11CC9ACB203DC9BC00CE888E /* Frameworks */ = {
			isa = PBXFrameworksBuildPhase;
			buildActionMask = 2147483647;
			files = (
			);
			runOnlyForDeploymentPostprocessing = 0;
		};
/* End PBXFrameworksBuildPhase section */

/* Begin PBXGroup section */
		116654A82042FBE500976B29 /* ViewControllers */ = {
			isa = PBXGroup;
			children = (
				11CC9AB4203DC9BC00CE888E /* NewRuleViewController.swift */,
				116654A62042FBD800976B29 /* NewRuleViewController+TableViewController.swift */,
				11CC9AE0203DD57200CE888E /* CategoryListViewController.swift */,
				11CC9AE2203DD60400CE888E /* CategoryListViewController+CollectionView.swift */,
				1193B93E203EC5490026FF00 /* CategoryDetailViewController.swift */,
				1193B940203EC5A20026FF00 /* CategoryDetailViewController+TableView.swift */,
				1153EA6720443EA100A5E038 /* CategoryItemViewController.swift */,
				1153EA6920443EC300A5E038 /* CategoryItemViewController+TableViewController.swift */,
			);
			path = ViewControllers;
			sourceTree = "<group>";
		};
		11CC9AA4203DC9BC00CE888E = {
			isa = PBXGroup;
			children = (
				11CC9AAF203DC9BC00CE888E /* BA2_Peneder */,
				11CC9AC6203DC9BC00CE888E /* BA2_PenederTests */,
				11CC9AD1203DC9BC00CE888E /* BA2_PenederUITests */,
				11CC9AAE203DC9BC00CE888E /* Products */,
			);
			sourceTree = "<group>";
		};
		11CC9AAE203DC9BC00CE888E /* Products */ = {
			isa = PBXGroup;
			children = (
				11CC9AAD203DC9BC00CE888E /* BA2_Peneder.app */,
				11CC9AC3203DC9BC00CE888E /* BA2_PenederTests.xctest */,
				11CC9ACE203DC9BC00CE888E /* BA2_PenederUITests.xctest */,
			);
			name = Products;
			sourceTree = "<group>";
		};
		11CC9AAF203DC9BC00CE888E /* BA2_Peneder */ = {
			isa = PBXGroup;
			children = (
				116654A82042FBE500976B29 /* ViewControllers */,
				11F241972040CCEA00DBDB34 /* Datamodel */,
				11CC9AEF203DE31E00CE888E /* Utility */,
				11CC9AB0203DC9BC00CE888E /* AppDelegate.swift */,
				11CC9AB2203DC9BC00CE888E /* FirstViewController.swift */,
				11CC9AB6203DC9BC00CE888E /* Main.storyboard */,
				11CC9AB9203DC9BC00CE888E /* Assets.xcassets */,
				11CC9ABB203DC9BC00CE888E /* LaunchScreen.storyboard */,
				11CC9ABE203DC9BC00CE888E /* Info.plist */,
				11CC9AF4203DE42000CE888E /* Animations */,
				11CC9AE6203DD9C200CE888E /* Cells */,
				1153EA6520441FD700A5E038 /* UIColorExtension.swift */,
			);
			path = BA2_Peneder;
			sourceTree = "<group>";
		};
		11CC9AC6203DC9BC00CE888E /* BA2_PenederTests */ = {
			isa = PBXGroup;
			children = (
				11CC9AC7203DC9BC00CE888E /* BA2_PenederTests.swift */,
				11CC9AC9203DC9BC00CE888E /* Info.plist */,
			);
			path = BA2_PenederTests;
			sourceTree = "<group>";
		};
		11CC9AD1203DC9BC00CE888E /* BA2_PenederUITests */ = {
			isa = PBXGroup;
			children = (
				11CC9AD2203DC9BC00CE888E /* BA2_PenederUITests.swift */,
				11CC9AD4203DC9BC00CE888E /* Info.plist */,
			);
			path = BA2_PenederUITests;
			sourceTree = "<group>";
		};
		11CC9AE6203DD9C200CE888E /* Cells */ = {
			isa = PBXGroup;
			children = (
				11CC9AE4203DD9BB00CE888E /* BaseCategoryCell.swift */,
				11CC9AEB203DDD0600CE888E /* WeatherCollectionViewCell.swift */,
				11CC9AEC203DDD0600CE888E /* WeatherCollectionViewCell.xib */,
				11E99EFA203E2A1100DCCDD1 /* CategoryOverviewTableViewCell.swift */,
				11E99EFB203E2A1100DCCDD1 /* CategoryOverviewTableViewCell.xib */,
				11E99EFE203EB6D500DCCDD1 /* CategoryItemTableViewCell.swift */,
				11E99EFF203EB6D500DCCDD1 /* CategoryItemTableViewCell.xib */,
				116654A920430D8500976B29 /* NewRuleTableViewCell.swift */,
				116654AA20430D8500976B29 /* NewRuleTableViewCell.xib */,
			);
			path = Cells;
			sourceTree = "<group>";
		};
		11CC9AEF203DE31E00CE888E /* Utility */ = {
			isa = PBXGroup;
			children = (
				11CC9AF0203DE35400CE888E /* Reusable.swift */,
				11CC9AF2203DE37800CE888E /* UICollectionView+Reusable.swift */,
				11CC9AFD203DE8EC00CE888E /* BaseView.swift */,
				11CC9AFF203DE91A00CE888E /* UIView+Constraints.swift */,
				11CC9B01203DFBF000CE888E /* UIImageView+RoundedCorners.swift */,
				1193B942203EC9630026FF00 /* UITableView+Reusable.swift */,
			);
			path = Utility;
			sourceTree = "<group>";
		};
		11CC9AF4203DE42000CE888E /* Animations */ = {
			isa = PBXGroup;
			children = (
			);
			path = Animations;
			sourceTree = "<group>";
		};
		11F241972040CCEA00DBDB34 /* Datamodel */ = {
			isa = PBXGroup;
			children = (
				11F241982040CF6C00DBDB34 /* Category.swift */,
				11F2419A2040D02900DBDB34 /* CategoryItem.swift */,
				116654AD20430F6A00976B29 /* Rule.swift */,
				116654AF2043137F00976B29 /* RulePart.swift */,
				116654B12043162500976B29 /* LogicalOperator.swift */,
			);
			path = Datamodel;
			sourceTree = "<group>";
		};
/* End PBXGroup section */

/* Begin PBXNativeTarget section */
		11CC9AAC203DC9BC00CE888E /* BA2_Peneder */ = {
			isa = PBXNativeTarget;
			buildConfigurationList = 11CC9AD7203DC9BC00CE888E /* Build configuration list for PBXNativeTarget "BA2_Peneder" */;
			buildPhases = (
				11CC9AA9203DC9BC00CE888E /* Sources */,
				11CC9AAA203DC9BC00CE888E /* Frameworks */,
				11CC9AAB203DC9BC00CE888E /* Resources */,
			);
			buildRules = (
			);
			dependencies = (
			);
			name = BA2_Peneder;
			productName = BA2_Peneder;
			productReference = 11CC9AAD203DC9BC00CE888E /* BA2_Peneder.app */;
			productType = "com.apple.product-type.application";
		};
		11CC9AC2203DC9BC00CE888E /* BA2_PenederTests */ = {
			isa = PBXNativeTarget;
			buildConfigurationList = 11CC9ADA203DC9BC00CE888E /* Build configuration list for PBXNativeTarget "BA2_PenederTests" */;
			buildPhases = (
				11CC9ABF203DC9BC00CE888E /* Sources */,
				11CC9AC0203DC9BC00CE888E /* Frameworks */,
				11CC9AC1203DC9BC00CE888E /* Resources */,
			);
			buildRules = (
			);
			dependencies = (
				11CC9AC5203DC9BC00CE888E /* PBXTargetDependency */,
			);
			name = BA2_PenederTests;
			productName = BA2_PenederTests;
			productReference = 11CC9AC3203DC9BC00CE888E /* BA2_PenederTests.xctest */;
			productType = "com.apple.product-type.bundle.unit-test";
		};
		11CC9ACD203DC9BC00CE888E /* BA2_PenederUITests */ = {
			isa = PBXNativeTarget;
			buildConfigurationList = 11CC9ADD203DC9BC00CE888E /* Build configuration list for PBXNativeTarget "BA2_PenederUITests" */;
			buildPhases = (
				11CC9ACA203DC9BC00CE888E /* Sources */,
				11CC9ACB203DC9BC00CE888E /* Frameworks */,
				11CC9ACC203DC9BC00CE888E /* Resources */,
			);
			buildRules = (
			);
			dependencies = (
				11CC9AD0203DC9BC00CE888E /* PBXTargetDependency */,
			);
			name = BA2_PenederUITests;
			productName = BA2_PenederUITests;
			productReference = 11CC9ACE203DC9BC00CE888E /* BA2_PenederUITests.xctest */;
			productType = "com.apple.product-type.bundle.ui-testing";
		};
/* End PBXNativeTarget section */

/* Begin PBXProject section */
		11CC9AA5203DC9BC00CE888E /* Project object */ = {
			isa = PBXProject;
			attributes = {
				LastSwiftUpdateCheck = 0920;
				LastUpgradeCheck = 0920;
				ORGANIZATIONNAME = "Mark Peneder";
				TargetAttributes = {
					11CC9AAC203DC9BC00CE888E = {
						CreatedOnToolsVersion = 9.2;
						ProvisioningStyle = Automatic;
					};
					11CC9AC2203DC9BC00CE888E = {
						CreatedOnToolsVersion = 9.2;
						ProvisioningStyle = Automatic;
						TestTargetID = 11CC9AAC203DC9BC00CE888E;
					};
					11CC9ACD203DC9BC00CE888E = {
						CreatedOnToolsVersion = 9.2;
						ProvisioningStyle = Automatic;
						TestTargetID = 11CC9AAC203DC9BC00CE888E;
					};
				};
			};
			buildConfigurationList = 11CC9AA8203DC9BC00CE888E /* Build configuration list for PBXProject "BA2_Peneder" */;
			compatibilityVersion = "Xcode 8.0";
			developmentRegion = en;
			hasScannedForEncodings = 0;
			knownRegions = (
				en,
				Base,
			);
			mainGroup = 11CC9AA4203DC9BC00CE888E;
			productRefGroup = 11CC9AAE203DC9BC00CE888E /* Products */;
			projectDirPath = "";
			projectRoot = "";
			targets = (
				11CC9AAC203DC9BC00CE888E /* BA2_Peneder */,
				11CC9AC2203DC9BC00CE888E /* BA2_PenederTests */,
				11CC9ACD203DC9BC00CE888E /* BA2_PenederUITests */,
			);
		};
/* End PBXProject section */

/* Begin PBXResourcesBuildPhase section */
		11CC9AAB203DC9BC00CE888E /* Resources */ = {
			isa = PBXResourcesBuildPhase;
			buildActionMask = 2147483647;
			files = (
				11CC9ABD203DC9BC00CE888E /* LaunchScreen.storyboard in Resources */,
				11CC9AEE203DDD0600CE888E /* WeatherCollectionViewCell.xib in Resources */,
				116654AC20430D8500976B29 /* NewRuleTableViewCell.xib in Resources */,
				11CC9ABA203DC9BC00CE888E /* Assets.xcassets in Resources */,
				11E99EFD203E2A1100DCCDD1 /* CategoryOverviewTableViewCell.xib in Resources */,
				11E99F01203EB6D500DCCDD1 /* CategoryItemTableViewCell.xib in Resources */,
				11CC9AB8203DC9BC00CE888E /* Main.storyboard in Resources */,
			);
			runOnlyForDeploymentPostprocessing = 0;
		};
		11CC9AC1203DC9BC00CE888E /* Resources */ = {
			isa = PBXResourcesBuildPhase;
			buildActionMask = 2147483647;
			files = (
			);
			runOnlyForDeploymentPostprocessing = 0;
		};
		11CC9ACC203DC9BC00CE888E /* Resources */ = {
			isa = PBXResourcesBuildPhase;
			buildActionMask = 2147483647;
			files = (
			);
			runOnlyForDeploymentPostprocessing = 0;
		};
/* End PBXResourcesBuildPhase section */

/* Begin PBXSourcesBuildPhase section */
		11CC9AA9203DC9BC00CE888E /* Sources */ = {
			isa = PBXSourcesBuildPhase;
			buildActionMask = 2147483647;
			files = (
				116654AB20430D8500976B29 /* NewRuleTableViewCell.swift in Sources */,
				11CC9B02203DFBF000CE888E /* UIImageView+RoundedCorners.swift in Sources */,
				1193B93F203EC5490026FF00 /* CategoryDetailViewController.swift in Sources */,
				116654AE20430F6A00976B29 /* Rule.swift in Sources */,
				1153EA6820443EA100A5E038 /* CategoryItemViewController.swift in Sources */,
				11F241992040CF6C00DBDB34 /* Category.swift in Sources */,
				116654B02043137F00976B29 /* RulePart.swift in Sources */,
				11CC9AE5203DD9BB00CE888E /* BaseCategoryCell.swift in Sources */,
				11E99EFC203E2A1100DCCDD1 /* CategoryOverviewTableViewCell.swift in Sources */,
				1193B943203EC9630026FF00 /* UITableView+Reusable.swift in Sources */,
				1193B941203EC5A20026FF00 /* CategoryDetailViewController+TableView.swift in Sources */,
				116654A72042FBD800976B29 /* NewRuleViewController+TableViewController.swift in Sources */,
				11CC9AE3203DD60400CE888E /* CategoryListViewController+CollectionView.swift in Sources */,
				11CC9B00203DE91A00CE888E /* UIView+Constraints.swift in Sources */,
				11CC9AE1203DD57200CE888E /* CategoryListViewController.swift in Sources */,
				11CC9AB5203DC9BC00CE888E /* NewRuleViewController.swift in Sources */,
				116654B22043162500976B29 /* LogicalOperator.swift in Sources */,
				11CC9AF1203DE35400CE888E /* Reusable.swift in Sources */,
				1153EA6A20443EC300A5E038 /* CategoryItemViewController+TableViewController.swift in Sources */,
				1153EA6620441FD700A5E038 /* UIColorExtension.swift in Sources */,
				11CC9AB1203DC9BC00CE888E /* AppDelegate.swift in Sources */,
				11CC9AF3203DE37800CE888E /* UICollectionView+Reusable.swift in Sources */,
				11CC9AB3203DC9BC00CE888E /* FirstViewController.swift in Sources */,
				11CC9AFE203DE8EC00CE888E /* BaseView.swift in Sources */,
				11E99F00203EB6D500DCCDD1 /* CategoryItemTableViewCell.swift in Sources */,
				11F2419B2040D02900DBDB34 /* CategoryItem.swift in Sources */,
				11CC9AED203DDD0600CE888E /* WeatherCollectionViewCell.swift in Sources */,
			);
			runOnlyForDeploymentPostprocessing = 0;
		};
		11CC9ABF203DC9BC00CE888E /* Sources */ = {
			isa = PBXSourcesBuildPhase;
			buildActionMask = 2147483647;
			files = (
				11CC9AC8203DC9BC00CE888E /* BA2_PenederTests.swift in Sources */,
			);
			runOnlyForDeploymentPostprocessing = 0;
		};
		11CC9ACA203DC9BC00CE888E /* Sources */ = {
			isa = PBXSourcesBuildPhase;
			buildActionMask = 2147483647;
			files = (
				11CC9AD3203DC9BC00CE888E /* BA2_PenederUITests.swift in Sources */,
			);
			runOnlyForDeploymentPostprocessing = 0;
		};
/* End PBXSourcesBuildPhase section */

/* Begin PBXTargetDependency section */
		11CC9AC5203DC9BC00CE888E /* PBXTargetDependency */ = {
			isa = PBXTargetDependency;
			target = 11CC9AAC203DC9BC00CE888E /* BA2_Peneder */;
			targetProxy = 11CC9AC4203DC9BC00CE888E /* PBXContainerItemProxy */;
		};
		11CC9AD0203DC9BC00CE888E /* PBXTargetDependency */ = {
			isa = PBXTargetDependency;
			target = 11CC9AAC203DC9BC00CE888E /* BA2_Peneder */;
			targetProxy = 11CC9ACF203DC9BC00CE888E /* PBXContainerItemProxy */;
		};
/* End PBXTargetDependency section */

/* Begin PBXVariantGroup section */
		11CC9AB6203DC9BC00CE888E /* Main.storyboard */ = {
			isa = PBXVariantGroup;
			children = (
				11CC9AB7203DC9BC00CE888E /* Base */,
			);
			name = Main.storyboard;
			sourceTree = "<group>";
		};
		11CC9ABB203DC9BC00CE888E /* LaunchScreen.storyboard */ = {
			isa = PBXVariantGroup;
			children = (
				11CC9ABC203DC9BC00CE888E /* Base */,
			);
			name = LaunchScreen.storyboard;
			sourceTree = "<group>";
		};
/* End PBXVariantGroup section */

/* Begin XCBuildConfiguration section */
		11CC9AD5203DC9BC00CE888E /* Debug */ = {
			isa = XCBuildConfiguration;
			buildSettings = {
				ALWAYS_SEARCH_USER_PATHS = NO;
				CLANG_ANALYZER_NONNULL = YES;
				CLANG_ANALYZER_NUMBER_OBJECT_CONVERSION = YES_AGGRESSIVE;
				CLANG_CXX_LANGUAGE_STANDARD = "gnu++14";
				CLANG_CXX_LIBRARY = "libc++";
				CLANG_ENABLE_MODULES = YES;
				CLANG_ENABLE_OBJC_ARC = YES;
				CLANG_WARN_BLOCK_CAPTURE_AUTORELEASING = YES;
				CLANG_WARN_BOOL_CONVERSION = YES;
				CLANG_WARN_COMMA = YES;
				CLANG_WARN_CONSTANT_CONVERSION = YES;
				CLANG_WARN_DIRECT_OBJC_ISA_USAGE = YES_ERROR;
				CLANG_WARN_DOCUMENTATION_COMMENTS = YES;
				CLANG_WARN_EMPTY_BODY = YES;
				CLANG_WARN_ENUM_CONVERSION = YES;
				CLANG_WARN_INFINITE_RECURSION = YES;
				CLANG_WARN_INT_CONVERSION = YES;
				CLANG_WARN_NON_LITERAL_NULL_CONVERSION = YES;
				CLANG_WARN_OBJC_LITERAL_CONVERSION = YES;
				CLANG_WARN_OBJC_ROOT_CLASS = YES_ERROR;
				CLANG_WARN_RANGE_LOOP_ANALYSIS = YES;
				CLANG_WARN_STRICT_PROTOTYPES = YES;
				CLANG_WARN_SUSPICIOUS_MOVE = YES;
				CLANG_WARN_UNGUARDED_AVAILABILITY = YES_AGGRESSIVE;
				CLANG_WARN_UNREACHABLE_CODE = YES;
				CLANG_WARN__DUPLICATE_METHOD_MATCH = YES;
				CODE_SIGN_IDENTITY = "iPhone Developer";
				COPY_PHASE_STRIP = NO;
				DEBUG_INFORMATION_FORMAT = dwarf;
				ENABLE_STRICT_OBJC_MSGSEND = YES;
				ENABLE_TESTABILITY = YES;
				GCC_C_LANGUAGE_STANDARD = gnu11;
				GCC_DYNAMIC_NO_PIC = NO;
				GCC_NO_COMMON_BLOCKS = YES;
				GCC_OPTIMIZATION_LEVEL = 0;
				GCC_PREPROCESSOR_DEFINITIONS = (
					"DEBUG=1",
					"$(inherited)",
				);
				GCC_WARN_64_TO_32_BIT_CONVERSION = YES;
				GCC_WARN_ABOUT_RETURN_TYPE = YES_ERROR;
				GCC_WARN_UNDECLARED_SELECTOR = YES;
				GCC_WARN_UNINITIALIZED_AUTOS = YES_AGGRESSIVE;
				GCC_WARN_UNUSED_FUNCTION = YES;
				GCC_WARN_UNUSED_VARIABLE = YES;
				IPHONEOS_DEPLOYMENT_TARGET = 11.2;
				MTL_ENABLE_DEBUG_INFO = YES;
				ONLY_ACTIVE_ARCH = YES;
				SDKROOT = iphoneos;
				SWIFT_ACTIVE_COMPILATION_CONDITIONS = DEBUG;
				SWIFT_OPTIMIZATION_LEVEL = "-Onone";
			};
			name = Debug;
		};
		11CC9AD6203DC9BC00CE888E /* Release */ = {
			isa = XCBuildConfiguration;
			buildSettings = {
				ALWAYS_SEARCH_USER_PATHS = NO;
				CLANG_ANALYZER_NONNULL = YES;
				CLANG_ANALYZER_NUMBER_OBJECT_CONVERSION = YES_AGGRESSIVE;
				CLANG_CXX_LANGUAGE_STANDARD = "gnu++14";
				CLANG_CXX_LIBRARY = "libc++";
				CLANG_ENABLE_MODULES = YES;
				CLANG_ENABLE_OBJC_ARC = YES;
				CLANG_WARN_BLOCK_CAPTURE_AUTORELEASING = YES;
				CLANG_WARN_BOOL_CONVERSION = YES;
				CLANG_WARN_COMMA = YES;
				CLANG_WARN_CONSTANT_CONVERSION = YES;
				CLANG_WARN_DIRECT_OBJC_ISA_USAGE = YES_ERROR;
				CLANG_WARN_DOCUMENTATION_COMMENTS = YES;
				CLANG_WARN_EMPTY_BODY = YES;
				CLANG_WARN_ENUM_CONVERSION = YES;
				CLANG_WARN_INFINITE_RECURSION = YES;
				CLANG_WARN_INT_CONVERSION = YES;
				CLANG_WARN_NON_LITERAL_NULL_CONVERSION = YES;
				CLANG_WARN_OBJC_LITERAL_CONVERSION = YES;
				CLANG_WARN_OBJC_ROOT_CLASS = YES_ERROR;
				CLANG_WARN_RANGE_LOOP_ANALYSIS = YES;
				CLANG_WARN_STRICT_PROTOTYPES = YES;
				CLANG_WARN_SUSPICIOUS_MOVE = YES;
				CLANG_WARN_UNGUARDED_AVAILABILITY = YES_AGGRESSIVE;
				CLANG_WARN_UNREACHABLE_CODE = YES;
				CLANG_WARN__DUPLICATE_METHOD_MATCH = YES;
				CODE_SIGN_IDENTITY = "iPhone Developer";
				COPY_PHASE_STRIP = NO;
				DEBUG_INFORMATION_FORMAT = "dwarf-with-dsym";
				ENABLE_NS_ASSERTIONS = NO;
				ENABLE_STRICT_OBJC_MSGSEND = YES;
				GCC_C_LANGUAGE_STANDARD = gnu11;
				GCC_NO_COMMON_BLOCKS = YES;
				GCC_WARN_64_TO_32_BIT_CONVERSION = YES;
				GCC_WARN_ABOUT_RETURN_TYPE = YES_ERROR;
				GCC_WARN_UNDECLARED_SELECTOR = YES;
				GCC_WARN_UNINITIALIZED_AUTOS = YES_AGGRESSIVE;
				GCC_WARN_UNUSED_FUNCTION = YES;
				GCC_WARN_UNUSED_VARIABLE = YES;
				IPHONEOS_DEPLOYMENT_TARGET = 11.2;
				MTL_ENABLE_DEBUG_INFO = NO;
				SDKROOT = iphoneos;
				SWIFT_OPTIMIZATION_LEVEL = "-Owholemodule";
				VALIDATE_PRODUCT = YES;
			};
			name = Release;
		};
		11CC9AD8203DC9BC00CE888E /* Debug */ = {
			isa = XCBuildConfiguration;
			buildSettings = {
				ASSETCATALOG_COMPILER_APPICON_NAME = AppIcon;
				CODE_SIGN_STYLE = Automatic;
				DEVELOPMENT_TEAM = 44GSE3RUH5;
				INFOPLIST_FILE = BA2_Peneder/Info.plist;
				IPHONEOS_DEPLOYMENT_TARGET = 11.2;
				LD_RUNPATH_SEARCH_PATHS = "$(inherited) @executable_path/Frameworks";
				PRODUCT_BUNDLE_IDENTIFIER = "at.fh.ooe.peneder.BA2-Peneder";
				PRODUCT_NAME = "$(TARGET_NAME)";
				SWIFT_VERSION = 4.0;
				TARGETED_DEVICE_FAMILY = "1,2";
			};
			name = Debug;
		};
		11CC9AD9203DC9BC00CE888E /* Release */ = {
			isa = XCBuildConfiguration;
			buildSettings = {
				ASSETCATALOG_COMPILER_APPICON_NAME = AppIcon;
				CODE_SIGN_STYLE = Automatic;
				DEVELOPMENT_TEAM = 44GSE3RUH5;
				INFOPLIST_FILE = BA2_Peneder/Info.plist;
				IPHONEOS_DEPLOYMENT_TARGET = 11.2;
				LD_RUNPATH_SEARCH_PATHS = "$(inherited) @executable_path/Frameworks";
				PRODUCT_BUNDLE_IDENTIFIER = "at.fh.ooe.peneder.BA2-Peneder";
				PRODUCT_NAME = "$(TARGET_NAME)";
				SWIFT_VERSION = 4.0;
				TARGETED_DEVICE_FAMILY = "1,2";
			};
			name = Release;
		};
		11CC9ADB203DC9BC00CE888E /* Debug */ = {
			isa = XCBuildConfiguration;
			buildSettings = {
				ALWAYS_EMBED_SWIFT_STANDARD_LIBRARIES = YES;
				BUNDLE_LOADER = "$(TEST_HOST)";
				CODE_SIGN_STYLE = Automatic;
				DEVELOPMENT_TEAM = 44GSE3RUH5;
				INFOPLIST_FILE = BA2_PenederTests/Info.plist;
				LD_RUNPATH_SEARCH_PATHS = "$(inherited) @executable_path/Frameworks @loader_path/Frameworks";
				PRODUCT_BUNDLE_IDENTIFIER = "at.fh.ooe.peneder.BA2-PenederTests";
				PRODUCT_NAME = "$(TARGET_NAME)";
				SWIFT_VERSION = 4.0;
				TARGETED_DEVICE_FAMILY = "1,2";
				TEST_HOST = "$(BUILT_PRODUCTS_DIR)/BA2_Peneder.app/BA2_Peneder";
			};
			name = Debug;
		};
		11CC9ADC203DC9BC00CE888E /* Release */ = {
			isa = XCBuildConfiguration;
			buildSettings = {
				ALWAYS_EMBED_SWIFT_STANDARD_LIBRARIES = YES;
				BUNDLE_LOADER = "$(TEST_HOST)";
				CODE_SIGN_STYLE = Automatic;
				DEVELOPMENT_TEAM = 44GSE3RUH5;
				INFOPLIST_FILE = BA2_PenederTests/Info.plist;
				LD_RUNPATH_SEARCH_PATHS = "$(inherited) @executable_path/Frameworks @loader_path/Frameworks";
				PRODUCT_BUNDLE_IDENTIFIER = "at.fh.ooe.peneder.BA2-PenederTests";
				PRODUCT_NAME = "$(TARGET_NAME)";
				SWIFT_VERSION = 4.0;
				TARGETED_DEVICE_FAMILY = "1,2";
				TEST_HOST = "$(BUILT_PRODUCTS_DIR)/BA2_Peneder.app/BA2_Peneder";
			};
			name = Release;
		};
		11CC9ADE203DC9BC00CE888E /* Debug */ = {
			isa = XCBuildConfiguration;
			buildSettings = {
				ALWAYS_EMBED_SWIFT_STANDARD_LIBRARIES = YES;
				CODE_SIGN_STYLE = Automatic;
				DEVELOPMENT_TEAM = 44GSE3RUH5;
				INFOPLIST_FILE = BA2_PenederUITests/Info.plist;
				LD_RUNPATH_SEARCH_PATHS = "$(inherited) @executable_path/Frameworks @loader_path/Frameworks";
				PRODUCT_BUNDLE_IDENTIFIER = "at.fh.ooe.peneder.BA2-PenederUITests";
				PRODUCT_NAME = "$(TARGET_NAME)";
				SWIFT_VERSION = 4.0;
				TARGETED_DEVICE_FAMILY = "1,2";
				TEST_TARGET_NAME = BA2_Peneder;
			};
			name = Debug;
		};
		11CC9ADF203DC9BC00CE888E /* Release */ = {
			isa = XCBuildConfiguration;
			buildSettings = {
				ALWAYS_EMBED_SWIFT_STANDARD_LIBRARIES = YES;
				CODE_SIGN_STYLE = Automatic;
				DEVELOPMENT_TEAM = 44GSE3RUH5;
				INFOPLIST_FILE = BA2_PenederUITests/Info.plist;
				LD_RUNPATH_SEARCH_PATHS = "$(inherited) @executable_path/Frameworks @loader_path/Frameworks";
				PRODUCT_BUNDLE_IDENTIFIER = "at.fh.ooe.peneder.BA2-PenederUITests";
				PRODUCT_NAME = "$(TARGET_NAME)";
				SWIFT_VERSION = 4.0;
				TARGETED_DEVICE_FAMILY = "1,2";
				TEST_TARGET_NAME = BA2_Peneder;
			};
			name = Release;
		};
/* End XCBuildConfiguration section */

/* Begin XCConfigurationList section */
		11CC9AA8203DC9BC00CE888E /* Build configuration list for PBXProject "BA2_Peneder" */ = {
			isa = XCConfigurationList;
			buildConfigurations = (
				11CC9AD5203DC9BC00CE888E /* Debug */,
				11CC9AD6203DC9BC00CE888E /* Release */,
			);
			defaultConfigurationIsVisible = 0;
			defaultConfigurationName = Release;
		};
		11CC9AD7203DC9BC00CE888E /* Build configuration list for PBXNativeTarget "BA2_Peneder" */ = {
			isa = XCConfigurationList;
			buildConfigurations = (
				11CC9AD8203DC9BC00CE888E /* Debug */,
				11CC9AD9203DC9BC00CE888E /* Release */,
			);
			defaultConfigurationIsVisible = 0;
			defaultConfigurationName = Release;
		};
		11CC9ADA203DC9BC00CE888E /* Build configuration list for PBXNativeTarget "BA2_PenederTests" */ = {
			isa = XCConfigurationList;
			buildConfigurations = (
				11CC9ADB203DC9BC00CE888E /* Debug */,
				11CC9ADC203DC9BC00CE888E /* Release */,
			);
			defaultConfigurationIsVisible = 0;
			defaultConfigurationName = Release;
		};
		11CC9ADD203DC9BC00CE888E /* Build configuration list for PBXNativeTarget "BA2_PenederUITests" */ = {
			isa = XCConfigurationList;
			buildConfigurations = (
				11CC9ADE203DC9BC00CE888E /* Debug */,
				11CC9ADF203DC9BC00CE888E /* Release */,
			);
			defaultConfigurationIsVisible = 0;
			defaultConfigurationName = Release;
		};
/* End XCConfigurationList section */
	};
	rootObject = 11CC9AA5203DC9BC00CE888E /* Project object */;
}
